// !$*UTF8*$!
{
	archiveVersion = 1;
	classes = {
	};
	objectVersion = 46;
	objects = {

/* Begin PBXBuildFile section */
		141136DF1DFF87D80036E5F3 /* seek.png in Resources */ = {isa = PBXBuildFile; fileRef = 141136DC1DFF87D80036E5F3 /* seek.png */; };
		141136E01DFF87D80036E5F3 /* seek.png in Resources */ = {isa = PBXBuildFile; fileRef = 141136DC1DFF87D80036E5F3 /* seek.png */; };
		141136E11DFF87D80036E5F3 /* seek@2x.png in Resources */ = {isa = PBXBuildFile; fileRef = 141136DD1DFF87D80036E5F3 /* seek@2x.png */; };
		141136E21DFF87D80036E5F3 /* seek@2x.png in Resources */ = {isa = PBXBuildFile; fileRef = 141136DD1DFF87D80036E5F3 /* seek@2x.png */; };
		141136E31DFF87D80036E5F3 /* seek@3x.png in Resources */ = {isa = PBXBuildFile; fileRef = 141136DE1DFF87D80036E5F3 /* seek@3x.png */; };
		141136E41DFF87D80036E5F3 /* seek@3x.png in Resources */ = {isa = PBXBuildFile; fileRef = 141136DE1DFF87D80036E5F3 /* seek@3x.png */; };
		141690781E78365100AF14A9 /* pause.png in Resources */ = {isa = PBXBuildFile; fileRef = 1459C2181CB694690007E498 /* pause.png */; };
		141690791E78365100AF14A9 /* pause@2x.png in Resources */ = {isa = PBXBuildFile; fileRef = 1459C2191CB694690007E498 /* pause@2x.png */; };
		1416907A1E78365100AF14A9 /* pause@3x.png in Resources */ = {isa = PBXBuildFile; fileRef = 1459C21A1CB694690007E498 /* pause@3x.png */; };
		1416907B1E78365100AF14A9 /* play.png in Resources */ = {isa = PBXBuildFile; fileRef = 1459C21B1CB694690007E498 /* play.png */; };
		1416907C1E78365100AF14A9 /* play@2x.png in Resources */ = {isa = PBXBuildFile; fileRef = 1459C21C1CB694690007E498 /* play@2x.png */; };
		1416907D1E78365100AF14A9 /* play@3x.png in Resources */ = {isa = PBXBuildFile; fileRef = 1459C21D1CB694690007E498 /* play@3x.png */; };
		1416907E1E78365100AF14A9 /* repeat.png in Resources */ = {isa = PBXBuildFile; fileRef = 1459C21E1CB694690007E498 /* repeat.png */; };
		1416907F1E78365100AF14A9 /* repeat@2x.png in Resources */ = {isa = PBXBuildFile; fileRef = 1459C21F1CB694690007E498 /* repeat@2x.png */; };
		141690801E78365100AF14A9 /* repeat@3x.png in Resources */ = {isa = PBXBuildFile; fileRef = 1459C2201CB694690007E498 /* repeat@3x.png */; };
		141690811E78365100AF14A9 /* dark-circle.png in Resources */ = {isa = PBXBuildFile; fileRef = 14B9EF211CB7EE3800563610 /* dark-circle.png */; };
		141690821E78365100AF14A9 /* dark-circle@2x.png in Resources */ = {isa = PBXBuildFile; fileRef = 14B9EF221CB7EE3800563610 /* dark-circle@2x.png */; };
		141690831E78365100AF14A9 /* dark-circle@3x.png in Resources */ = {isa = PBXBuildFile; fileRef = 14B9EF231CB7EE3800563610 /* dark-circle@3x.png */; };
		141690841E78365100AF14A9 /* seek.png in Resources */ = {isa = PBXBuildFile; fileRef = 141136DC1DFF87D80036E5F3 /* seek.png */; };
		141690851E78365100AF14A9 /* seek@2x.png in Resources */ = {isa = PBXBuildFile; fileRef = 141136DD1DFF87D80036E5F3 /* seek@2x.png */; };
		141690861E78365100AF14A9 /* seek@3x.png in Resources */ = {isa = PBXBuildFile; fileRef = 141136DE1DFF87D80036E5F3 /* seek@3x.png */; };
		141690871E78365500AF14A9 /* DINNextLTPro-Regular.otf in Resources */ = {isa = PBXBuildFile; fileRef = E6D592861D229795006EF238 /* DINNextLTPro-Regular.otf */; };
		1438033E1C2452A1003CA252 /* NSIndexPath+Contiguous.swift in Sources */ = {isa = PBXBuildFile; fileRef = 143803351C2452A1003CA252 /* NSIndexPath+Contiguous.swift */; };
		143803401C2452A1003CA252 /* UIImage+CenteredFrame.swift in Sources */ = {isa = PBXBuildFile; fileRef = 143803361C2452A1003CA252 /* UIImage+CenteredFrame.swift */; };
		143803421C2452A1003CA252 /* UIViewController+Window.swift in Sources */ = {isa = PBXBuildFile; fileRef = 143803371C2452A1003CA252 /* UIViewController+Window.swift */; };
		143803441C2452A1003CA252 /* ViewerController.swift in Sources */ = {isa = PBXBuildFile; fileRef = 143803381C2452A1003CA252 /* ViewerController.swift */; };
		143803461C2452A1003CA252 /* Viewable.swift in Sources */ = {isa = PBXBuildFile; fileRef = 143803391C2452A1003CA252 /* Viewable.swift */; };
		143803481C2452A1003CA252 /* ViewableController.swift in Sources */ = {isa = PBXBuildFile; fileRef = 1438033A1C2452A1003CA252 /* ViewableController.swift */; };
		1459C2211CB694690007E498 /* pause.png in Resources */ = {isa = PBXBuildFile; fileRef = 1459C2181CB694690007E498 /* pause.png */; };
		1459C2221CB694690007E498 /* pause@2x.png in Resources */ = {isa = PBXBuildFile; fileRef = 1459C2191CB694690007E498 /* pause@2x.png */; };
		1459C2231CB694690007E498 /* pause@3x.png in Resources */ = {isa = PBXBuildFile; fileRef = 1459C21A1CB694690007E498 /* pause@3x.png */; };
		1459C2241CB694690007E498 /* play.png in Resources */ = {isa = PBXBuildFile; fileRef = 1459C21B1CB694690007E498 /* play.png */; };
		1459C2251CB694690007E498 /* play@2x.png in Resources */ = {isa = PBXBuildFile; fileRef = 1459C21C1CB694690007E498 /* play@2x.png */; };
		1459C2261CB694690007E498 /* play@3x.png in Resources */ = {isa = PBXBuildFile; fileRef = 1459C21D1CB694690007E498 /* play@3x.png */; };
		1459C2271CB694690007E498 /* repeat.png in Resources */ = {isa = PBXBuildFile; fileRef = 1459C21E1CB694690007E498 /* repeat.png */; };
		1459C2281CB694690007E498 /* repeat@2x.png in Resources */ = {isa = PBXBuildFile; fileRef = 1459C21F1CB694690007E498 /* repeat@2x.png */; };
		1459C2291CB694690007E498 /* repeat@3x.png in Resources */ = {isa = PBXBuildFile; fileRef = 1459C2201CB694690007E498 /* repeat@3x.png */; };
		14A139B41AEFC72B00AD732F /* Tests.swift in Sources */ = {isa = PBXBuildFile; fileRef = 14A139B31AEFC72B00AD732F /* Tests.swift */; };
		14B905321E8BF05500214247 /* PhotosCollectionLayout.swift in Sources */ = {isa = PBXBuildFile; fileRef = 14B905301E8BF05500214247 /* PhotosCollectionLayout.swift */; };
		14B905331E8BF05500214247 /* PhotosCollectionLayout.swift in Sources */ = {isa = PBXBuildFile; fileRef = 14B905301E8BF05500214247 /* PhotosCollectionLayout.swift */; };
		14B9EF241CB7EE3800563610 /* dark-circle.png in Resources */ = {isa = PBXBuildFile; fileRef = 14B9EF211CB7EE3800563610 /* dark-circle.png */; };
		14B9EF251CB7EE3800563610 /* dark-circle@2x.png in Resources */ = {isa = PBXBuildFile; fileRef = 14B9EF221CB7EE3800563610 /* dark-circle@2x.png */; };
		14B9EF261CB7EE3800563610 /* dark-circle@3x.png in Resources */ = {isa = PBXBuildFile; fileRef = 14B9EF231CB7EE3800563610 /* dark-circle@3x.png */; };
		14C327B91CBE69F800CC0F98 /* PaginatedScrollView.swift in Sources */ = {isa = PBXBuildFile; fileRef = 14C327B71CBE69F800CC0F98 /* PaginatedScrollView.swift */; };
		14C96A1C1E9775C700DDE110 /* SlideshowView.swift in Sources */ = {isa = PBXBuildFile; fileRef = 14C96A1B1E9775C700DDE110 /* SlideshowView.swift */; };
		14C96A1D1E9775C700DDE110 /* SlideshowView.swift in Sources */ = {isa = PBXBuildFile; fileRef = 14C96A1B1E9775C700DDE110 /* SlideshowView.swift */; };
		14C984001C0DE79200B5E515 /* AppDelegate.swift in Sources */ = {isa = PBXBuildFile; fileRef = 14C983FF1C0DE79200B5E515 /* AppDelegate.swift */; };
		14C984051C0DE79200B5E515 /* LaunchScreen.storyboard in Resources */ = {isa = PBXBuildFile; fileRef = 14C984031C0DE79200B5E515 /* LaunchScreen.storyboard */; };
		14E5F7621E7831B000D970EF /* AppDelegate.swift in Sources */ = {isa = PBXBuildFile; fileRef = 14E5F7611E7831B000D970EF /* AppDelegate.swift */; };
		14E5F7701E78329C00D970EF /* ViewerController.swift in Sources */ = {isa = PBXBuildFile; fileRef = 143803381C2452A1003CA252 /* ViewerController.swift */; };
		14E5F7711E78329C00D970EF /* ViewableController.swift in Sources */ = {isa = PBXBuildFile; fileRef = 1438033A1C2452A1003CA252 /* ViewableController.swift */; };
		14E5F7721E78329C00D970EF /* VideoView.swift in Sources */ = {isa = PBXBuildFile; fileRef = 14EC47B71C58F6BC0028A0CD /* VideoView.swift */; };
		14E5F7731E78329C00D970EF /* VideoProgressView.swift in Sources */ = {isa = PBXBuildFile; fileRef = E6D592821D226528006EF238 /* VideoProgressView.swift */; };
		14E5F7741E78329C00D970EF /* Viewable.swift in Sources */ = {isa = PBXBuildFile; fileRef = 143803391C2452A1003CA252 /* Viewable.swift */; };
		14E5F7751E78329C00D970EF /* PaginatedScrollView.swift in Sources */ = {isa = PBXBuildFile; fileRef = 14C327B71CBE69F800CC0F98 /* PaginatedScrollView.swift */; };
		14E5F7761E78329C00D970EF /* NSIndexPath+Contiguous.swift in Sources */ = {isa = PBXBuildFile; fileRef = 143803351C2452A1003CA252 /* NSIndexPath+Contiguous.swift */; };
		14E5F7771E78329C00D970EF /* UIImage+CenteredFrame.swift in Sources */ = {isa = PBXBuildFile; fileRef = 143803361C2452A1003CA252 /* UIImage+CenteredFrame.swift */; };
		14E5F7781E78329C00D970EF /* UIViewController+Window.swift in Sources */ = {isa = PBXBuildFile; fileRef = 143803371C2452A1003CA252 /* UIViewController+Window.swift */; };
		14E5F7891E78330400D970EF /* 0.jpg in Resources */ = {isa = PBXBuildFile; fileRef = 14E5F77C1E78330400D970EF /* 0.jpg */; };
		14E5F78A1E78330400D970EF /* 0.jpg in Resources */ = {isa = PBXBuildFile; fileRef = 14E5F77C1E78330400D970EF /* 0.jpg */; };
		14E5F78B1E78330400D970EF /* 1.jpg in Resources */ = {isa = PBXBuildFile; fileRef = 14E5F77D1E78330400D970EF /* 1.jpg */; };
		14E5F78C1E78330400D970EF /* 1.jpg in Resources */ = {isa = PBXBuildFile; fileRef = 14E5F77D1E78330400D970EF /* 1.jpg */; };
		14E5F78D1E78330400D970EF /* 2.jpg in Resources */ = {isa = PBXBuildFile; fileRef = 14E5F77E1E78330400D970EF /* 2.jpg */; };
		14E5F78E1E78330400D970EF /* 2.jpg in Resources */ = {isa = PBXBuildFile; fileRef = 14E5F77E1E78330400D970EF /* 2.jpg */; };
		14E5F78F1E78330400D970EF /* 3.jpg in Resources */ = {isa = PBXBuildFile; fileRef = 14E5F77F1E78330400D970EF /* 3.jpg */; };
		14E5F7901E78330400D970EF /* 3.jpg in Resources */ = {isa = PBXBuildFile; fileRef = 14E5F77F1E78330400D970EF /* 3.jpg */; };
		14E5F7911E78330400D970EF /* 4.jpg in Resources */ = {isa = PBXBuildFile; fileRef = 14E5F7801E78330400D970EF /* 4.jpg */; };
		14E5F7921E78330400D970EF /* 4.jpg in Resources */ = {isa = PBXBuildFile; fileRef = 14E5F7801E78330400D970EF /* 4.jpg */; };
		14E5F7931E78330400D970EF /* 5.png in Resources */ = {isa = PBXBuildFile; fileRef = 14E5F7811E78330400D970EF /* 5.png */; };
		14E5F7941E78330400D970EF /* 5.png in Resources */ = {isa = PBXBuildFile; fileRef = 14E5F7811E78330400D970EF /* 5.png */; };
		14E5F7951E78330400D970EF /* clear.png in Resources */ = {isa = PBXBuildFile; fileRef = 14E5F7821E78330400D970EF /* clear.png */; };
		14E5F7961E78330400D970EF /* clear.png in Resources */ = {isa = PBXBuildFile; fileRef = 14E5F7821E78330400D970EF /* clear.png */; };
		14E5F7971E78330400D970EF /* FooterView.swift in Sources */ = {isa = PBXBuildFile; fileRef = 14E5F7831E78330400D970EF /* FooterView.swift */; };
		14E5F7981E78330400D970EF /* FooterView.swift in Sources */ = {isa = PBXBuildFile; fileRef = 14E5F7831E78330400D970EF /* FooterView.swift */; };
		14E5F7991E78330400D970EF /* HeaderView.swift in Sources */ = {isa = PBXBuildFile; fileRef = 14E5F7841E78330400D970EF /* HeaderView.swift */; };
		14E5F79A1E78330400D970EF /* HeaderView.swift in Sources */ = {isa = PBXBuildFile; fileRef = 14E5F7841E78330400D970EF /* HeaderView.swift */; };
		14E5F79B1E78330400D970EF /* Photo.swift in Sources */ = {isa = PBXBuildFile; fileRef = 14E5F7851E78330400D970EF /* Photo.swift */; };
		14E5F79C1E78330400D970EF /* Photo.swift in Sources */ = {isa = PBXBuildFile; fileRef = 14E5F7851E78330400D970EF /* Photo.swift */; };
		14E5F79D1E78330400D970EF /* PhotoCell.swift in Sources */ = {isa = PBXBuildFile; fileRef = 14E5F7861E78330400D970EF /* PhotoCell.swift */; };
		14E5F79E1E78330400D970EF /* PhotoCell.swift in Sources */ = {isa = PBXBuildFile; fileRef = 14E5F7861E78330400D970EF /* PhotoCell.swift */; };
		14E5F79F1E78330400D970EF /* PhotosController.swift in Sources */ = {isa = PBXBuildFile; fileRef = 14E5F7871E78330400D970EF /* PhotosController.swift */; };
		14E5F7A01E78330400D970EF /* PhotosController.swift in Sources */ = {isa = PBXBuildFile; fileRef = 14E5F7871E78330400D970EF /* PhotosController.swift */; };
		14E5F7A11E78330400D970EF /* PopupController.swift in Sources */ = {isa = PBXBuildFile; fileRef = 14E5F7881E78330400D970EF /* PopupController.swift */; };
		14E5F7A21E78330400D970EF /* PopupController.swift in Sources */ = {isa = PBXBuildFile; fileRef = 14E5F7881E78330400D970EF /* PopupController.swift */; };
		14E5F7A51E7833B200D970EF /* SharedAssets.xcassets in Resources */ = {isa = PBXBuildFile; fileRef = 14E5F7A41E7833B200D970EF /* SharedAssets.xcassets */; };
		14E5F7A61E7833B200D970EF /* SharedAssets.xcassets in Resources */ = {isa = PBXBuildFile; fileRef = 14E5F7A41E7833B200D970EF /* SharedAssets.xcassets */; };
		14EC47B91C58F6C00028A0CD /* VideoView.swift in Sources */ = {isa = PBXBuildFile; fileRef = 14EC47B71C58F6BC0028A0CD /* VideoView.swift */; };
		14FAC8E21EA754D7003DA8F2 /* ViewableControllerContainer.swift in Sources */ = {isa = PBXBuildFile; fileRef = 14FAC8E11EA754D7003DA8F2 /* ViewableControllerContainer.swift */; };
		14FAC8E31EA754D7003DA8F2 /* ViewableControllerContainer.swift in Sources */ = {isa = PBXBuildFile; fileRef = 14FAC8E11EA754D7003DA8F2 /* ViewableControllerContainer.swift */; };
		4442A81D20C98CDA004B8BC3 /* UIViewExtensions.swift in Sources */ = {isa = PBXBuildFile; fileRef = 4442A81C20C98CDA004B8BC3 /* UIViewExtensions.swift */; };
		4442A81E20C98CDA004B8BC3 /* UIViewExtensions.swift in Sources */ = {isa = PBXBuildFile; fileRef = 4442A81C20C98CDA004B8BC3 /* UIViewExtensions.swift */; };
		73465D7822DF7E4A00F91F9C /* Viewer.h in Headers */ = {isa = PBXBuildFile; fileRef = 73465D7622DF7E4A00F91F9C /* Viewer.h */; settings = {ATTRIBUTES = (Public, ); }; };
		73465D7B22DF7E4A00F91F9C /* Viewer.framework in Frameworks */ = {isa = PBXBuildFile; fileRef = 73465D7422DF7E4900F91F9C /* Viewer.framework */; };
		73465D7C22DF7E4A00F91F9C /* Viewer.framework in Embed Frameworks */ = {isa = PBXBuildFile; fileRef = 73465D7422DF7E4900F91F9C /* Viewer.framework */; settings = {ATTRIBUTES = (CodeSignOnCopy, RemoveHeadersOnCopy, ); }; };
		73465D8122DF7E7600F91F9C /* DINNextLTPro-Regular.otf in Resources */ = {isa = PBXBuildFile; fileRef = E6D592861D229795006EF238 /* DINNextLTPro-Regular.otf */; };
		73465D8222DF7E7600F91F9C /* pause.png in Resources */ = {isa = PBXBuildFile; fileRef = 1459C2181CB694690007E498 /* pause.png */; };
		73465D8322DF7E7600F91F9C /* pause@2x.png in Resources */ = {isa = PBXBuildFile; fileRef = 1459C2191CB694690007E498 /* pause@2x.png */; };
		73465D8422DF7E7600F91F9C /* pause@3x.png in Resources */ = {isa = PBXBuildFile; fileRef = 1459C21A1CB694690007E498 /* pause@3x.png */; };
		73465D8522DF7E7600F91F9C /* play.png in Resources */ = {isa = PBXBuildFile; fileRef = 1459C21B1CB694690007E498 /* play.png */; };
		73465D8622DF7E7600F91F9C /* play@2x.png in Resources */ = {isa = PBXBuildFile; fileRef = 1459C21C1CB694690007E498 /* play@2x.png */; };
		73465D8722DF7E7600F91F9C /* play@3x.png in Resources */ = {isa = PBXBuildFile; fileRef = 1459C21D1CB694690007E498 /* play@3x.png */; };
		73465D8822DF7E7600F91F9C /* repeat.png in Resources */ = {isa = PBXBuildFile; fileRef = 1459C21E1CB694690007E498 /* repeat.png */; };
		73465D8922DF7E7600F91F9C /* repeat@2x.png in Resources */ = {isa = PBXBuildFile; fileRef = 1459C21F1CB694690007E498 /* repeat@2x.png */; };
		73465D8A22DF7E7600F91F9C /* repeat@3x.png in Resources */ = {isa = PBXBuildFile; fileRef = 1459C2201CB694690007E498 /* repeat@3x.png */; };
		73465D8B22DF7E7600F91F9C /* dark-circle.png in Resources */ = {isa = PBXBuildFile; fileRef = 14B9EF211CB7EE3800563610 /* dark-circle.png */; };
		73465D8C22DF7E7600F91F9C /* dark-circle@2x.png in Resources */ = {isa = PBXBuildFile; fileRef = 14B9EF221CB7EE3800563610 /* dark-circle@2x.png */; };
		73465D8D22DF7E7600F91F9C /* dark-circle@3x.png in Resources */ = {isa = PBXBuildFile; fileRef = 14B9EF231CB7EE3800563610 /* dark-circle@3x.png */; };
		73465D8E22DF7E7600F91F9C /* seek.png in Resources */ = {isa = PBXBuildFile; fileRef = 141136DC1DFF87D80036E5F3 /* seek.png */; };
		73465D8F22DF7E7600F91F9C /* seek@2x.png in Resources */ = {isa = PBXBuildFile; fileRef = 141136DD1DFF87D80036E5F3 /* seek@2x.png */; };
		73465D9022DF7E7600F91F9C /* seek@3x.png in Resources */ = {isa = PBXBuildFile; fileRef = 141136DE1DFF87D80036E5F3 /* seek@3x.png */; };
		73465D9122DF7E8600F91F9C /* ViewerController.swift in Sources */ = {isa = PBXBuildFile; fileRef = 143803381C2452A1003CA252 /* ViewerController.swift */; };
		73465D9222DF7E8600F91F9C /* ViewableController.swift in Sources */ = {isa = PBXBuildFile; fileRef = 1438033A1C2452A1003CA252 /* ViewableController.swift */; };
		73465D9322DF7E8600F91F9C /* VideoView.swift in Sources */ = {isa = PBXBuildFile; fileRef = 14EC47B71C58F6BC0028A0CD /* VideoView.swift */; };
		73465D9422DF7E8600F91F9C /* VideoProgressView.swift in Sources */ = {isa = PBXBuildFile; fileRef = E6D592821D226528006EF238 /* VideoProgressView.swift */; };
		73465D9522DF7E8600F91F9C /* Viewable.swift in Sources */ = {isa = PBXBuildFile; fileRef = 143803391C2452A1003CA252 /* Viewable.swift */; };
		73465D9622DF7E8600F91F9C /* ViewableControllerContainer.swift in Sources */ = {isa = PBXBuildFile; fileRef = 14FAC8E11EA754D7003DA8F2 /* ViewableControllerContainer.swift */; };
		73465D9722DF7E8600F91F9C /* PaginatedScrollView.swift in Sources */ = {isa = PBXBuildFile; fileRef = 14C327B71CBE69F800CC0F98 /* PaginatedScrollView.swift */; };
		73465D9822DF7E8600F91F9C /* SlideshowView.swift in Sources */ = {isa = PBXBuildFile; fileRef = 14C96A1B1E9775C700DDE110 /* SlideshowView.swift */; };
		73465D9922DF7E8600F91F9C /* NSIndexPath+Contiguous.swift in Sources */ = {isa = PBXBuildFile; fileRef = 143803351C2452A1003CA252 /* NSIndexPath+Contiguous.swift */; };
		73465D9A22DF7E8600F91F9C /* UIImage+CenteredFrame.swift in Sources */ = {isa = PBXBuildFile; fileRef = 143803361C2452A1003CA252 /* UIImage+CenteredFrame.swift */; };
		73465D9B22DF7E8600F91F9C /* UIViewController+Window.swift in Sources */ = {isa = PBXBuildFile; fileRef = 143803371C2452A1003CA252 /* UIViewController+Window.swift */; };
		73465D9C22DF7E8600F91F9C /* UIViewExtensions.swift in Sources */ = {isa = PBXBuildFile; fileRef = 4442A81C20C98CDA004B8BC3 /* UIViewExtensions.swift */; };
		73465D9D22DF7EC200F91F9C /* FooterView.swift in Sources */ = {isa = PBXBuildFile; fileRef = 14E5F7831E78330400D970EF /* FooterView.swift */; };
		73465D9E22DF7EC200F91F9C /* HeaderView.swift in Sources */ = {isa = PBXBuildFile; fileRef = 14E5F7841E78330400D970EF /* HeaderView.swift */; };
		73465D9F22DF7EC200F91F9C /* Photo.swift in Sources */ = {isa = PBXBuildFile; fileRef = 14E5F7851E78330400D970EF /* Photo.swift */; };
		73465DA022DF7EC200F91F9C /* PhotoCell.swift in Sources */ = {isa = PBXBuildFile; fileRef = 14E5F7861E78330400D970EF /* PhotoCell.swift */; };
		73465DA122DF7EC200F91F9C /* PhotosController.swift in Sources */ = {isa = PBXBuildFile; fileRef = 14E5F7871E78330400D970EF /* PhotosController.swift */; };
		73465DA222DF7EC200F91F9C /* PopupController.swift in Sources */ = {isa = PBXBuildFile; fileRef = 14E5F7881E78330400D970EF /* PopupController.swift */; };
		73465DA322DF7EC200F91F9C /* PhotosCollectionLayout.swift in Sources */ = {isa = PBXBuildFile; fileRef = 14B905301E8BF05500214247 /* PhotosCollectionLayout.swift */; };
		73465DA622E134FA00F91F9C /* SharedAssets.xcassets in Resources */ = {isa = PBXBuildFile; fileRef = 14E5F7A41E7833B200D970EF /* SharedAssets.xcassets */; };
		E6D592841D226528006EF238 /* VideoProgressView.swift in Sources */ = {isa = PBXBuildFile; fileRef = E6D592821D226528006EF238 /* VideoProgressView.swift */; };
		E6D592891D22A2B8006EF238 /* DINNextLTPro-Regular.otf in Resources */ = {isa = PBXBuildFile; fileRef = E6D592861D229795006EF238 /* DINNextLTPro-Regular.otf */; };
/* End PBXBuildFile section */

/* Begin PBXContainerItemProxy section */
		73465D7922DF7E4A00F91F9C /* PBXContainerItemProxy */ = {
			isa = PBXContainerItemProxy;
			containerPortal = 146D728B1AB782920058798C /* Project object */;
			proxyType = 1;
			remoteGlobalIDString = 73465D7322DF7E4900F91F9C;
			remoteInfo = Viewer;
		};
/* End PBXContainerItemProxy section */

/* Begin PBXCopyFilesBuildPhase section */
		73465D8022DF7E4A00F91F9C /* Embed Frameworks */ = {
			isa = PBXCopyFilesBuildPhase;
			buildActionMask = 2147483647;
			dstPath = "";
			dstSubfolderSpec = 10;
			files = (
				73465D7C22DF7E4A00F91F9C /* Viewer.framework in Embed Frameworks */,
			);
			name = "Embed Frameworks";
			runOnlyForDeploymentPostprocessing = 0;
		};
/* End PBXCopyFilesBuildPhase section */

/* Begin PBXFileReference section */
		141136DC1DFF87D80036E5F3 /* seek.png */ = {isa = PBXFileReference; lastKnownFileType = image.png; path = seek.png; sourceTree = "<group>"; };
		141136DD1DFF87D80036E5F3 /* seek@2x.png */ = {isa = PBXFileReference; lastKnownFileType = image.png; path = "seek@2x.png"; sourceTree = "<group>"; };
		141136DE1DFF87D80036E5F3 /* seek@3x.png */ = {isa = PBXFileReference; lastKnownFileType = image.png; path = "seek@3x.png"; sourceTree = "<group>"; };
		143803351C2452A1003CA252 /* NSIndexPath+Contiguous.swift */ = {isa = PBXFileReference; fileEncoding = 4; lastKnownFileType = sourcecode.swift; path = "NSIndexPath+Contiguous.swift"; sourceTree = "<group>"; };
		143803361C2452A1003CA252 /* UIImage+CenteredFrame.swift */ = {isa = PBXFileReference; fileEncoding = 4; lastKnownFileType = sourcecode.swift; path = "UIImage+CenteredFrame.swift"; sourceTree = "<group>"; };
		143803371C2452A1003CA252 /* UIViewController+Window.swift */ = {isa = PBXFileReference; fileEncoding = 4; lastKnownFileType = sourcecode.swift; path = "UIViewController+Window.swift"; sourceTree = "<group>"; };
		143803381C2452A1003CA252 /* ViewerController.swift */ = {isa = PBXFileReference; fileEncoding = 4; lastKnownFileType = sourcecode.swift; path = ViewerController.swift; sourceTree = "<group>"; };
		143803391C2452A1003CA252 /* Viewable.swift */ = {isa = PBXFileReference; fileEncoding = 4; lastKnownFileType = sourcecode.swift; path = Viewable.swift; sourceTree = "<group>"; };
		1438033A1C2452A1003CA252 /* ViewableController.swift */ = {isa = PBXFileReference; fileEncoding = 4; lastKnownFileType = sourcecode.swift; path = ViewableController.swift; sourceTree = "<group>"; };
		1459C2181CB694690007E498 /* pause.png */ = {isa = PBXFileReference; lastKnownFileType = image.png; path = pause.png; sourceTree = "<group>"; };
		1459C2191CB694690007E498 /* pause@2x.png */ = {isa = PBXFileReference; lastKnownFileType = image.png; path = "pause@2x.png"; sourceTree = "<group>"; };
		1459C21A1CB694690007E498 /* pause@3x.png */ = {isa = PBXFileReference; lastKnownFileType = image.png; path = "pause@3x.png"; sourceTree = "<group>"; };
		1459C21B1CB694690007E498 /* play.png */ = {isa = PBXFileReference; lastKnownFileType = image.png; path = play.png; sourceTree = "<group>"; };
		1459C21C1CB694690007E498 /* play@2x.png */ = {isa = PBXFileReference; lastKnownFileType = image.png; path = "play@2x.png"; sourceTree = "<group>"; };
		1459C21D1CB694690007E498 /* play@3x.png */ = {isa = PBXFileReference; lastKnownFileType = image.png; path = "play@3x.png"; sourceTree = "<group>"; };
		1459C21E1CB694690007E498 /* repeat.png */ = {isa = PBXFileReference; lastKnownFileType = image.png; path = repeat.png; sourceTree = "<group>"; };
		1459C21F1CB694690007E498 /* repeat@2x.png */ = {isa = PBXFileReference; lastKnownFileType = image.png; path = "repeat@2x.png"; sourceTree = "<group>"; };
		1459C2201CB694690007E498 /* repeat@3x.png */ = {isa = PBXFileReference; lastKnownFileType = image.png; path = "repeat@3x.png"; sourceTree = "<group>"; };
		146D72AC1AB782920058798C /* Tests.xctest */ = {isa = PBXFileReference; explicitFileType = wrapper.cfbundle; includeInIndex = 0; path = Tests.xctest; sourceTree = BUILT_PRODUCTS_DIR; };
		146D72B11AB782920058798C /* Info.plist */ = {isa = PBXFileReference; lastKnownFileType = text.plist.xml; path = Info.plist; sourceTree = "<group>"; };
		14A139B31AEFC72B00AD732F /* Tests.swift */ = {isa = PBXFileReference; fileEncoding = 4; lastKnownFileType = sourcecode.swift; path = Tests.swift; sourceTree = "<group>"; };
		14B905301E8BF05500214247 /* PhotosCollectionLayout.swift */ = {isa = PBXFileReference; fileEncoding = 4; lastKnownFileType = sourcecode.swift; path = PhotosCollectionLayout.swift; sourceTree = "<group>"; };
		14B9EF211CB7EE3800563610 /* dark-circle.png */ = {isa = PBXFileReference; lastKnownFileType = image.png; path = "dark-circle.png"; sourceTree = "<group>"; };
		14B9EF221CB7EE3800563610 /* dark-circle@2x.png */ = {isa = PBXFileReference; lastKnownFileType = image.png; path = "dark-circle@2x.png"; sourceTree = "<group>"; };
		14B9EF231CB7EE3800563610 /* dark-circle@3x.png */ = {isa = PBXFileReference; lastKnownFileType = image.png; path = "dark-circle@3x.png"; sourceTree = "<group>"; };
		14C0AF811BD6D4230009ECBE /* CHANGELOG.md */ = {isa = PBXFileReference; lastKnownFileType = net.daringfireball.markdown; path = CHANGELOG.md; sourceTree = "<group>"; };
		14C0AF821BD6D4230009ECBE /* CONTRIBUTING.md */ = {isa = PBXFileReference; lastKnownFileType = net.daringfireball.markdown; path = CONTRIBUTING.md; sourceTree = "<group>"; };
		14C0AF831BD6D4230009ECBE /* README.md */ = {isa = PBXFileReference; lastKnownFileType = net.daringfireball.markdown; path = README.md; sourceTree = "<group>"; };
		14C327B71CBE69F800CC0F98 /* PaginatedScrollView.swift */ = {isa = PBXFileReference; fileEncoding = 4; lastKnownFileType = sourcecode.swift; path = PaginatedScrollView.swift; sourceTree = "<group>"; };
		14C96A1B1E9775C700DDE110 /* SlideshowView.swift */ = {isa = PBXFileReference; fileEncoding = 4; lastKnownFileType = sourcecode.swift; path = SlideshowView.swift; sourceTree = "<group>"; };
		14C983FD1C0DE79200B5E515 /* iOS.app */ = {isa = PBXFileReference; explicitFileType = wrapper.application; includeInIndex = 0; path = iOS.app; sourceTree = BUILT_PRODUCTS_DIR; };
		14C983FF1C0DE79200B5E515 /* AppDelegate.swift */ = {isa = PBXFileReference; lastKnownFileType = sourcecode.swift; path = AppDelegate.swift; sourceTree = "<group>"; };
		14C984041C0DE79200B5E515 /* Base */ = {isa = PBXFileReference; lastKnownFileType = file.storyboard; name = Base; path = Base.lproj/LaunchScreen.storyboard; sourceTree = "<group>"; };
		14C984061C0DE79200B5E515 /* Info.plist */ = {isa = PBXFileReference; lastKnownFileType = text.plist.xml; path = Info.plist; sourceTree = "<group>"; };
		14E5F75F1E7831B000D970EF /* tvOS.app */ = {isa = PBXFileReference; explicitFileType = wrapper.application; includeInIndex = 0; path = tvOS.app; sourceTree = BUILT_PRODUCTS_DIR; };
		14E5F7611E7831B000D970EF /* AppDelegate.swift */ = {isa = PBXFileReference; lastKnownFileType = sourcecode.swift; path = AppDelegate.swift; sourceTree = "<group>"; };
		14E5F76A1E7831B000D970EF /* Info.plist */ = {isa = PBXFileReference; lastKnownFileType = text.plist.xml; path = Info.plist; sourceTree = "<group>"; };
		14E5F77C1E78330400D970EF /* 0.jpg */ = {isa = PBXFileReference; lastKnownFileType = image.jpeg; path = 0.jpg; sourceTree = "<group>"; };
		14E5F77D1E78330400D970EF /* 1.jpg */ = {isa = PBXFileReference; lastKnownFileType = image.jpeg; path = 1.jpg; sourceTree = "<group>"; };
		14E5F77E1E78330400D970EF /* 2.jpg */ = {isa = PBXFileReference; lastKnownFileType = image.jpeg; path = 2.jpg; sourceTree = "<group>"; };
		14E5F77F1E78330400D970EF /* 3.jpg */ = {isa = PBXFileReference; lastKnownFileType = image.jpeg; path = 3.jpg; sourceTree = "<group>"; };
		14E5F7801E78330400D970EF /* 4.jpg */ = {isa = PBXFileReference; lastKnownFileType = image.jpeg; path = 4.jpg; sourceTree = "<group>"; };
		14E5F7811E78330400D970EF /* 5.png */ = {isa = PBXFileReference; lastKnownFileType = image.png; path = 5.png; sourceTree = "<group>"; };
		14E5F7821E78330400D970EF /* clear.png */ = {isa = PBXFileReference; lastKnownFileType = image.png; path = clear.png; sourceTree = "<group>"; };
		14E5F7831E78330400D970EF /* FooterView.swift */ = {isa = PBXFileReference; fileEncoding = 4; lastKnownFileType = sourcecode.swift; path = FooterView.swift; sourceTree = "<group>"; };
		14E5F7841E78330400D970EF /* HeaderView.swift */ = {isa = PBXFileReference; fileEncoding = 4; lastKnownFileType = sourcecode.swift; path = HeaderView.swift; sourceTree = "<group>"; };
		14E5F7851E78330400D970EF /* Photo.swift */ = {isa = PBXFileReference; fileEncoding = 4; lastKnownFileType = sourcecode.swift; path = Photo.swift; sourceTree = "<group>"; };
		14E5F7861E78330400D970EF /* PhotoCell.swift */ = {isa = PBXFileReference; fileEncoding = 4; lastKnownFileType = sourcecode.swift; path = PhotoCell.swift; sourceTree = "<group>"; };
		14E5F7871E78330400D970EF /* PhotosController.swift */ = {isa = PBXFileReference; fileEncoding = 4; lastKnownFileType = sourcecode.swift; path = PhotosController.swift; sourceTree = "<group>"; };
		14E5F7881E78330400D970EF /* PopupController.swift */ = {isa = PBXFileReference; fileEncoding = 4; lastKnownFileType = sourcecode.swift; path = PopupController.swift; sourceTree = "<group>"; };
		14E5F7A41E7833B200D970EF /* SharedAssets.xcassets */ = {isa = PBXFileReference; lastKnownFileType = folder.assetcatalog; path = SharedAssets.xcassets; sourceTree = "<group>"; };
		14EC47B71C58F6BC0028A0CD /* VideoView.swift */ = {isa = PBXFileReference; fileEncoding = 4; lastKnownFileType = sourcecode.swift; path = VideoView.swift; sourceTree = "<group>"; };
		14FAC8E11EA754D7003DA8F2 /* ViewableControllerContainer.swift */ = {isa = PBXFileReference; fileEncoding = 4; lastKnownFileType = sourcecode.swift; path = ViewableControllerContainer.swift; sourceTree = "<group>"; };
		4442A81C20C98CDA004B8BC3 /* UIViewExtensions.swift */ = {isa = PBXFileReference; fileEncoding = 4; lastKnownFileType = sourcecode.swift; path = UIViewExtensions.swift; sourceTree = "<group>"; };
		73465D7422DF7E4900F91F9C /* Viewer.framework */ = {isa = PBXFileReference; explicitFileType = wrapper.framework; includeInIndex = 0; path = Viewer.framework; sourceTree = BUILT_PRODUCTS_DIR; };
		73465D7622DF7E4A00F91F9C /* Viewer.h */ = {isa = PBXFileReference; lastKnownFileType = sourcecode.c.h; path = Viewer.h; sourceTree = "<group>"; };
		73465D7722DF7E4A00F91F9C /* Info.plist */ = {isa = PBXFileReference; lastKnownFileType = text.plist.xml; path = Info.plist; sourceTree = "<group>"; };
		E6D592821D226528006EF238 /* VideoProgressView.swift */ = {isa = PBXFileReference; fileEncoding = 4; lastKnownFileType = sourcecode.swift; path = VideoProgressView.swift; sourceTree = "<group>"; };
		E6D592861D229795006EF238 /* DINNextLTPro-Regular.otf */ = {isa = PBXFileReference; lastKnownFileType = file; path = "DINNextLTPro-Regular.otf"; sourceTree = "<group>"; };
/* End PBXFileReference section */

/* Begin PBXFrameworksBuildPhase section */
		146D72A91AB782920058798C /* Frameworks */ = {
			isa = PBXFrameworksBuildPhase;
			buildActionMask = 2147483647;
			files = (
			);
			runOnlyForDeploymentPostprocessing = 0;
		};
		14C983FA1C0DE79200B5E515 /* Frameworks */ = {
			isa = PBXFrameworksBuildPhase;
			buildActionMask = 2147483647;
			files = (
				73465D7B22DF7E4A00F91F9C /* Viewer.framework in Frameworks */,
			);
			runOnlyForDeploymentPostprocessing = 0;
		};
		14E5F75C1E7831AF00D970EF /* Frameworks */ = {
			isa = PBXFrameworksBuildPhase;
			buildActionMask = 2147483647;
			files = (
			);
			runOnlyForDeploymentPostprocessing = 0;
		};
		73465D7122DF7E4900F91F9C /* Frameworks */ = {
			isa = PBXFrameworksBuildPhase;
			buildActionMask = 2147483647;
			files = (
			);
			runOnlyForDeploymentPostprocessing = 0;
		};
/* End PBXFrameworksBuildPhase section */

/* Begin PBXGroup section */
		1459C2171CB694690007E498 /* Assets */ = {
			isa = PBXGroup;
			children = (
				E6D592851D229716006EF238 /* Fonts */,
				1459C2181CB694690007E498 /* pause.png */,
				1459C2191CB694690007E498 /* pause@2x.png */,
				1459C21A1CB694690007E498 /* pause@3x.png */,
				1459C21B1CB694690007E498 /* play.png */,
				1459C21C1CB694690007E498 /* play@2x.png */,
				1459C21D1CB694690007E498 /* play@3x.png */,
				1459C21E1CB694690007E498 /* repeat.png */,
				1459C21F1CB694690007E498 /* repeat@2x.png */,
				1459C2201CB694690007E498 /* repeat@3x.png */,
				14B9EF211CB7EE3800563610 /* dark-circle.png */,
				14B9EF221CB7EE3800563610 /* dark-circle@2x.png */,
				14B9EF231CB7EE3800563610 /* dark-circle@3x.png */,
				141136DC1DFF87D80036E5F3 /* seek.png */,
				141136DD1DFF87D80036E5F3 /* seek@2x.png */,
				141136DE1DFF87D80036E5F3 /* seek@3x.png */,
			);
			path = Assets;
			sourceTree = "<group>";
		};
		146D728A1AB782920058798C = {
			isa = PBXGroup;
			children = (
				1459C2171CB694690007E498 /* Assets */,
				14C136501AB7849300B7B07A /* Metadata */,
				14C0AF841BD6D4370009ECBE /* Source */,
				146D72AF1AB782920058798C /* Tests */,
				14E5F77B1E78330400D970EF /* Library */,
				14E5F7A31E7833B200D970EF /* Resources */,
				14C983FE1C0DE79200B5E515 /* iOS */,
				14E5F7601E7831B000D970EF /* tvOS */,
				73465D7522DF7E4A00F91F9C /* Viewer */,
				146D72941AB782920058798C /* Products */,
			);
			indentWidth = 4;
			sourceTree = "<group>";
			tabWidth = 4;
		};
		146D72941AB782920058798C /* Products */ = {
			isa = PBXGroup;
			children = (
				146D72AC1AB782920058798C /* Tests.xctest */,
				14C983FD1C0DE79200B5E515 /* iOS.app */,
				14E5F75F1E7831B000D970EF /* tvOS.app */,
				73465D7422DF7E4900F91F9C /* Viewer.framework */,
			);
			name = Products;
			sourceTree = "<group>";
		};
		146D72AF1AB782920058798C /* Tests */ = {
			isa = PBXGroup;
			children = (
				14A139B31AEFC72B00AD732F /* Tests.swift */,
				146D72B01AB782920058798C /* Supporting Files */,
			);
			path = Tests;
			sourceTree = "<group>";
		};
		146D72B01AB782920058798C /* Supporting Files */ = {
			isa = PBXGroup;
			children = (
				146D72B11AB782920058798C /* Info.plist */,
			);
			name = "Supporting Files";
			sourceTree = "<group>";
		};
		14C0AF841BD6D4370009ECBE /* Source */ = {
			isa = PBXGroup;
			children = (
				143803381C2452A1003CA252 /* ViewerController.swift */,
				1438033A1C2452A1003CA252 /* ViewableController.swift */,
				14EC47B71C58F6BC0028A0CD /* VideoView.swift */,
				E6D592821D226528006EF238 /* VideoProgressView.swift */,
				143803391C2452A1003CA252 /* Viewable.swift */,
				14FAC8E11EA754D7003DA8F2 /* ViewableControllerContainer.swift */,
				14C327B71CBE69F800CC0F98 /* PaginatedScrollView.swift */,
				14C96A1B1E9775C700DDE110 /* SlideshowView.swift */,
				143803351C2452A1003CA252 /* NSIndexPath+Contiguous.swift */,
				143803361C2452A1003CA252 /* UIImage+CenteredFrame.swift */,
				143803371C2452A1003CA252 /* UIViewController+Window.swift */,
				4442A81C20C98CDA004B8BC3 /* UIViewExtensions.swift */,
			);
			path = Source;
			sourceTree = "<group>";
		};
		14C136501AB7849300B7B07A /* Metadata */ = {
			isa = PBXGroup;
			children = (
				14C0AF811BD6D4230009ECBE /* CHANGELOG.md */,
				14C0AF821BD6D4230009ECBE /* CONTRIBUTING.md */,
				14C0AF831BD6D4230009ECBE /* README.md */,
			);
			name = Metadata;
			sourceTree = "<group>";
		};
		14C983FE1C0DE79200B5E515 /* iOS */ = {
			isa = PBXGroup;
			children = (
				14C983FF1C0DE79200B5E515 /* AppDelegate.swift */,
				14C984031C0DE79200B5E515 /* LaunchScreen.storyboard */,
				14C984061C0DE79200B5E515 /* Info.plist */,
			);
			path = iOS;
			sourceTree = "<group>";
		};
		14E5F7601E7831B000D970EF /* tvOS */ = {
			isa = PBXGroup;
			children = (
				14E5F7611E7831B000D970EF /* AppDelegate.swift */,
				14E5F76A1E7831B000D970EF /* Info.plist */,
			);
			path = tvOS;
			sourceTree = "<group>";
		};
		14E5F77B1E78330400D970EF /* Library */ = {
			isa = PBXGroup;
			children = (
				14E5F77C1E78330400D970EF /* 0.jpg */,
				14E5F77D1E78330400D970EF /* 1.jpg */,
				14E5F77E1E78330400D970EF /* 2.jpg */,
				14E5F77F1E78330400D970EF /* 3.jpg */,
				14E5F7801E78330400D970EF /* 4.jpg */,
				14E5F7811E78330400D970EF /* 5.png */,
				14E5F7821E78330400D970EF /* clear.png */,
				14E5F7831E78330400D970EF /* FooterView.swift */,
				14E5F7841E78330400D970EF /* HeaderView.swift */,
				14E5F7851E78330400D970EF /* Photo.swift */,
				14E5F7861E78330400D970EF /* PhotoCell.swift */,
				14E5F7871E78330400D970EF /* PhotosController.swift */,
				14E5F7881E78330400D970EF /* PopupController.swift */,
				14B905301E8BF05500214247 /* PhotosCollectionLayout.swift */,
			);
			path = Library;
			sourceTree = "<group>";
		};
		14E5F7A31E7833B200D970EF /* Resources */ = {
			isa = PBXGroup;
			children = (
				14E5F7A41E7833B200D970EF /* SharedAssets.xcassets */,
			);
			path = Resources;
			sourceTree = "<group>";
		};
		73465D7522DF7E4A00F91F9C /* Viewer */ = {
			isa = PBXGroup;
			children = (
				73465D7622DF7E4A00F91F9C /* Viewer.h */,
				73465D7722DF7E4A00F91F9C /* Info.plist */,
			);
			path = Viewer;
			sourceTree = "<group>";
		};
		E6D592851D229716006EF238 /* Fonts */ = {
			isa = PBXGroup;
			children = (
				E6D592861D229795006EF238 /* DINNextLTPro-Regular.otf */,
			);
			name = Fonts;
			sourceTree = "<group>";
		};
/* End PBXGroup section */

/* Begin PBXHeadersBuildPhase section */
		73465D6F22DF7E4900F91F9C /* Headers */ = {
			isa = PBXHeadersBuildPhase;
			buildActionMask = 2147483647;
			files = (
				73465D7822DF7E4A00F91F9C /* Viewer.h in Headers */,
			);
			runOnlyForDeploymentPostprocessing = 0;
		};
/* End PBXHeadersBuildPhase section */

/* Begin PBXNativeTarget section */
		146D72AB1AB782920058798C /* Tests */ = {
			isa = PBXNativeTarget;
			buildConfigurationList = 146D72B91AB782920058798C /* Build configuration list for PBXNativeTarget "Tests" */;
			buildPhases = (
				146D72A81AB782920058798C /* Sources */,
				146D72A91AB782920058798C /* Frameworks */,
				146D72AA1AB782920058798C /* Resources */,
			);
			buildRules = (
			);
			dependencies = (
			);
			name = Tests;
			productName = PodTests;
			productReference = 146D72AC1AB782920058798C /* Tests.xctest */;
			productType = "com.apple.product-type.bundle.unit-test";
		};
		14C983FC1C0DE79200B5E515 /* iOS */ = {
			isa = PBXNativeTarget;
			buildConfigurationList = 14C984091C0DE79200B5E515 /* Build configuration list for PBXNativeTarget "iOS" */;
			buildPhases = (
				14C983F91C0DE79200B5E515 /* Sources */,
				14C983FA1C0DE79200B5E515 /* Frameworks */,
				14C983FB1C0DE79200B5E515 /* Resources */,
				73465D8022DF7E4A00F91F9C /* Embed Frameworks */,
			);
			buildRules = (
			);
			dependencies = (
				73465D7A22DF7E4A00F91F9C /* PBXTargetDependency */,
			);
			name = iOS;
			productName = iOS;
			productReference = 14C983FD1C0DE79200B5E515 /* iOS.app */;
			productType = "com.apple.product-type.application";
		};
		14E5F75E1E7831AF00D970EF /* tvOS */ = {
			isa = PBXNativeTarget;
			buildConfigurationList = 14E5F76D1E7831B000D970EF /* Build configuration list for PBXNativeTarget "tvOS" */;
			buildPhases = (
				14E5F75B1E7831AF00D970EF /* Sources */,
				14E5F75C1E7831AF00D970EF /* Frameworks */,
				14E5F75D1E7831AF00D970EF /* Resources */,
			);
			buildRules = (
			);
			dependencies = (
			);
			name = tvOS;
			productName = tvOS;
			productReference = 14E5F75F1E7831B000D970EF /* tvOS.app */;
			productType = "com.apple.product-type.application";
		};
		73465D7322DF7E4900F91F9C /* Viewer */ = {
			isa = PBXNativeTarget;
			buildConfigurationList = 73465D7F22DF7E4A00F91F9C /* Build configuration list for PBXNativeTarget "Viewer" */;
			buildPhases = (
				73465D6F22DF7E4900F91F9C /* Headers */,
				73465D7022DF7E4900F91F9C /* Sources */,
				73465D7122DF7E4900F91F9C /* Frameworks */,
				73465D7222DF7E4900F91F9C /* Resources */,
			);
			buildRules = (
			);
			dependencies = (
			);
			name = Viewer;
			productName = Viewer;
			productReference = 73465D7422DF7E4900F91F9C /* Viewer.framework */;
			productType = "com.apple.product-type.framework";
		};
/* End PBXNativeTarget section */

/* Begin PBXProject section */
		146D728B1AB782920058798C /* Project object */ = {
			isa = PBXProject;
			attributes = {
				CLASSPREFIX = "";
				LastSwiftUpdateCheck = 0820;
				LastUpgradeCheck = 1100;
				ORGANIZATIONNAME = "";
				TargetAttributes = {
					146D72AB1AB782920058798C = {
						CreatedOnToolsVersion = 6.2;
						DevelopmentTeamName = "Elvis Nuñez AS";
						LastSwiftMigration = 1020;
						ProvisioningStyle = Manual;
					};
					14C983FC1C0DE79200B5E515 = {
						CreatedOnToolsVersion = 7.2;
						DevelopmentTeamName = "Elvis Nuñez AS";
						LastSwiftMigration = 1020;
						ProvisioningStyle = Manual;
					};
					14E5F75E1E7831AF00D970EF = {
						CreatedOnToolsVersion = 8.2.1;
						LastSwiftMigration = 1020;
						ProvisioningStyle = Manual;
					};
					73465D7322DF7E4900F91F9C = {
						CreatedOnToolsVersion = 10.2.1;
						ProvisioningStyle = Automatic;
					};
				};
			};
			buildConfigurationList = 146D728E1AB782920058798C /* Build configuration list for PBXProject "Demo" */;
			compatibilityVersion = "Xcode 3.2";
			developmentRegion = en;
			hasScannedForEncodings = 0;
			knownRegions = (
				en,
				Base,
			);
			mainGroup = 146D728A1AB782920058798C;
			productRefGroup = 146D72941AB782920058798C /* Products */;
			projectDirPath = "";
			projectRoot = "";
			targets = (
				146D72AB1AB782920058798C /* Tests */,
				14C983FC1C0DE79200B5E515 /* iOS */,
				14E5F75E1E7831AF00D970EF /* tvOS */,
				73465D7322DF7E4900F91F9C /* Viewer */,
			);
		};
/* End PBXProject section */

/* Begin PBXResourcesBuildPhase section */
		146D72AA1AB782920058798C /* Resources */ = {
			isa = PBXResourcesBuildPhase;
			buildActionMask = 2147483647;
			files = (
				141136E31DFF87D80036E5F3 /* seek@3x.png in Resources */,
				141136E11DFF87D80036E5F3 /* seek@2x.png in Resources */,
				141136DF1DFF87D80036E5F3 /* seek.png in Resources */,
			);
			runOnlyForDeploymentPostprocessing = 0;
		};
		14C983FB1C0DE79200B5E515 /* Resources */ = {
			isa = PBXResourcesBuildPhase;
			buildActionMask = 2147483647;
			files = (
				141136E21DFF87D80036E5F3 /* seek@2x.png in Resources */,
				E6D592891D22A2B8006EF238 /* DINNextLTPro-Regular.otf in Resources */,
				141136E01DFF87D80036E5F3 /* seek.png in Resources */,
				1459C2251CB694690007E498 /* play@2x.png in Resources */,
				1459C2211CB694690007E498 /* pause.png in Resources */,
				14B9EF251CB7EE3800563610 /* dark-circle@2x.png in Resources */,
				14B9EF241CB7EE3800563610 /* dark-circle.png in Resources */,
				1459C2231CB694690007E498 /* pause@3x.png in Resources */,
				14E5F78D1E78330400D970EF /* 2.jpg in Resources */,
				14E5F78B1E78330400D970EF /* 1.jpg in Resources */,
				14E5F78F1E78330400D970EF /* 3.jpg in Resources */,
				14E5F7911E78330400D970EF /* 4.jpg in Resources */,
				1459C2281CB694690007E498 /* repeat@2x.png in Resources */,
				1459C2261CB694690007E498 /* play@3x.png in Resources */,
				141136E41DFF87D80036E5F3 /* seek@3x.png in Resources */,
				14E5F7891E78330400D970EF /* 0.jpg in Resources */,
				14E5F7951E78330400D970EF /* clear.png in Resources */,
				1459C2291CB694690007E498 /* repeat@3x.png in Resources */,
				14C984051C0DE79200B5E515 /* LaunchScreen.storyboard in Resources */,
				1459C2241CB694690007E498 /* play.png in Resources */,
				14B9EF261CB7EE3800563610 /* dark-circle@3x.png in Resources */,
				14E5F7931E78330400D970EF /* 5.png in Resources */,
				1459C2271CB694690007E498 /* repeat.png in Resources */,
				1459C2221CB694690007E498 /* pause@2x.png in Resources */,
				14E5F7A51E7833B200D970EF /* SharedAssets.xcassets in Resources */,
			);
			runOnlyForDeploymentPostprocessing = 0;
		};
		14E5F75D1E7831AF00D970EF /* Resources */ = {
			isa = PBXResourcesBuildPhase;
			buildActionMask = 2147483647;
			files = (
				141690861E78365100AF14A9 /* seek@3x.png in Resources */,
				14E5F7921E78330400D970EF /* 4.jpg in Resources */,
				1416907D1E78365100AF14A9 /* play@3x.png in Resources */,
				1416907A1E78365100AF14A9 /* pause@3x.png in Resources */,
				1416907C1E78365100AF14A9 /* play@2x.png in Resources */,
				14E5F7901E78330400D970EF /* 3.jpg in Resources */,
				141690841E78365100AF14A9 /* seek.png in Resources */,
				141690811E78365100AF14A9 /* dark-circle.png in Resources */,
				14E5F78C1E78330400D970EF /* 1.jpg in Resources */,
				141690871E78365500AF14A9 /* DINNextLTPro-Regular.otf in Resources */,
				141690851E78365100AF14A9 /* seek@2x.png in Resources */,
				141690821E78365100AF14A9 /* dark-circle@2x.png in Resources */,
				14E5F7961E78330400D970EF /* clear.png in Resources */,
				141690831E78365100AF14A9 /* dark-circle@3x.png in Resources */,
				1416907B1E78365100AF14A9 /* play.png in Resources */,
				14E5F78A1E78330400D970EF /* 0.jpg in Resources */,
				1416907E1E78365100AF14A9 /* repeat.png in Resources */,
				141690781E78365100AF14A9 /* pause.png in Resources */,
				1416907F1E78365100AF14A9 /* repeat@2x.png in Resources */,
				141690801E78365100AF14A9 /* repeat@3x.png in Resources */,
				14E5F7941E78330400D970EF /* 5.png in Resources */,
				141690791E78365100AF14A9 /* pause@2x.png in Resources */,
				14E5F78E1E78330400D970EF /* 2.jpg in Resources */,
				14E5F7A61E7833B200D970EF /* SharedAssets.xcassets in Resources */,
			);
			runOnlyForDeploymentPostprocessing = 0;
		};
		73465D7222DF7E4900F91F9C /* Resources */ = {
			isa = PBXResourcesBuildPhase;
			buildActionMask = 2147483647;
			files = (
				73465DA622E134FA00F91F9C /* SharedAssets.xcassets in Resources */,
				73465D8122DF7E7600F91F9C /* DINNextLTPro-Regular.otf in Resources */,
				73465D8222DF7E7600F91F9C /* pause.png in Resources */,
				73465D8322DF7E7600F91F9C /* pause@2x.png in Resources */,
				73465D8422DF7E7600F91F9C /* pause@3x.png in Resources */,
				73465D8522DF7E7600F91F9C /* play.png in Resources */,
				73465D8622DF7E7600F91F9C /* play@2x.png in Resources */,
				73465D8722DF7E7600F91F9C /* play@3x.png in Resources */,
				73465D8822DF7E7600F91F9C /* repeat.png in Resources */,
				73465D8922DF7E7600F91F9C /* repeat@2x.png in Resources */,
				73465D8A22DF7E7600F91F9C /* repeat@3x.png in Resources */,
				73465D8B22DF7E7600F91F9C /* dark-circle.png in Resources */,
				73465D8C22DF7E7600F91F9C /* dark-circle@2x.png in Resources */,
				73465D8D22DF7E7600F91F9C /* dark-circle@3x.png in Resources */,
				73465D8E22DF7E7600F91F9C /* seek.png in Resources */,
				73465D8F22DF7E7600F91F9C /* seek@2x.png in Resources */,
				73465D9022DF7E7600F91F9C /* seek@3x.png in Resources */,
			);
			runOnlyForDeploymentPostprocessing = 0;
		};
/* End PBXResourcesBuildPhase section */

/* Begin PBXSourcesBuildPhase section */
		146D72A81AB782920058798C /* Sources */ = {
			isa = PBXSourcesBuildPhase;
			buildActionMask = 2147483647;
			files = (
				14A139B41AEFC72B00AD732F /* Tests.swift in Sources */,
			);
			runOnlyForDeploymentPostprocessing = 0;
		};
		14C983F91C0DE79200B5E515 /* Sources */ = {
			isa = PBXSourcesBuildPhase;
			buildActionMask = 2147483647;
			files = (
				14E5F79D1E78330400D970EF /* PhotoCell.swift in Sources */,
				143803481C2452A1003CA252 /* ViewableController.swift in Sources */,
				143803461C2452A1003CA252 /* Viewable.swift in Sources */,
				14B905321E8BF05500214247 /* PhotosCollectionLayout.swift in Sources */,
				143803441C2452A1003CA252 /* ViewerController.swift in Sources */,
				14FAC8E21EA754D7003DA8F2 /* ViewableControllerContainer.swift in Sources */,
				4442A81D20C98CDA004B8BC3 /* UIViewExtensions.swift in Sources */,
				143803421C2452A1003CA252 /* UIViewController+Window.swift in Sources */,
				14C984001C0DE79200B5E515 /* AppDelegate.swift in Sources */,
				14E5F79F1E78330400D970EF /* PhotosController.swift in Sources */,
				14EC47B91C58F6C00028A0CD /* VideoView.swift in Sources */,
				14E5F7A11E78330400D970EF /* PopupController.swift in Sources */,
				14E5F79B1E78330400D970EF /* Photo.swift in Sources */,
				14E5F7971E78330400D970EF /* FooterView.swift in Sources */,
				14E5F7991E78330400D970EF /* HeaderView.swift in Sources */,
				14C96A1C1E9775C700DDE110 /* SlideshowView.swift in Sources */,
				1438033E1C2452A1003CA252 /* NSIndexPath+Contiguous.swift in Sources */,
				E6D592841D226528006EF238 /* VideoProgressView.swift in Sources */,
				14C327B91CBE69F800CC0F98 /* PaginatedScrollView.swift in Sources */,
				143803401C2452A1003CA252 /* UIImage+CenteredFrame.swift in Sources */,
			);
			runOnlyForDeploymentPostprocessing = 0;
		};
		14E5F75B1E7831AF00D970EF /* Sources */ = {
			isa = PBXSourcesBuildPhase;
			buildActionMask = 2147483647;
			files = (
				14E5F79E1E78330400D970EF /* PhotoCell.swift in Sources */,
				14E5F7741E78329C00D970EF /* Viewable.swift in Sources */,
				14E5F7731E78329C00D970EF /* VideoProgressView.swift in Sources */,
				14B905331E8BF05500214247 /* PhotosCollectionLayout.swift in Sources */,
				14E5F7781E78329C00D970EF /* UIViewController+Window.swift in Sources */,
				14FAC8E31EA754D7003DA8F2 /* ViewableControllerContainer.swift in Sources */,
				4442A81E20C98CDA004B8BC3 /* UIViewExtensions.swift in Sources */,
				14E5F7751E78329C00D970EF /* PaginatedScrollView.swift in Sources */,
				14E5F7721E78329C00D970EF /* VideoView.swift in Sources */,
				14E5F7A01E78330400D970EF /* PhotosController.swift in Sources */,
				14E5F7701E78329C00D970EF /* ViewerController.swift in Sources */,
				14E5F7A21E78330400D970EF /* PopupController.swift in Sources */,
				14E5F79C1E78330400D970EF /* Photo.swift in Sources */,
				14E5F7981E78330400D970EF /* FooterView.swift in Sources */,
				14E5F79A1E78330400D970EF /* HeaderView.swift in Sources */,
				14C96A1D1E9775C700DDE110 /* SlideshowView.swift in Sources */,
				14E5F7711E78329C00D970EF /* ViewableController.swift in Sources */,
				14E5F7621E7831B000D970EF /* AppDelegate.swift in Sources */,
				14E5F7761E78329C00D970EF /* NSIndexPath+Contiguous.swift in Sources */,
				14E5F7771E78329C00D970EF /* UIImage+CenteredFrame.swift in Sources */,
			);
			runOnlyForDeploymentPostprocessing = 0;
		};
		73465D7022DF7E4900F91F9C /* Sources */ = {
			isa = PBXSourcesBuildPhase;
			buildActionMask = 2147483647;
			files = (
				73465D9D22DF7EC200F91F9C /* FooterView.swift in Sources */,
				73465D9E22DF7EC200F91F9C /* HeaderView.swift in Sources */,
				73465D9F22DF7EC200F91F9C /* Photo.swift in Sources */,
				73465DA022DF7EC200F91F9C /* PhotoCell.swift in Sources */,
				73465DA122DF7EC200F91F9C /* PhotosController.swift in Sources */,
				73465DA222DF7EC200F91F9C /* PopupController.swift in Sources */,
				73465DA322DF7EC200F91F9C /* PhotosCollectionLayout.swift in Sources */,
				73465D9122DF7E8600F91F9C /* ViewerController.swift in Sources */,
				73465D9222DF7E8600F91F9C /* ViewableController.swift in Sources */,
				73465D9322DF7E8600F91F9C /* VideoView.swift in Sources */,
				73465D9422DF7E8600F91F9C /* VideoProgressView.swift in Sources */,
				73465D9522DF7E8600F91F9C /* Viewable.swift in Sources */,
				73465D9622DF7E8600F91F9C /* ViewableControllerContainer.swift in Sources */,
				73465D9722DF7E8600F91F9C /* PaginatedScrollView.swift in Sources */,
				73465D9822DF7E8600F91F9C /* SlideshowView.swift in Sources */,
				73465D9922DF7E8600F91F9C /* NSIndexPath+Contiguous.swift in Sources */,
				73465D9A22DF7E8600F91F9C /* UIImage+CenteredFrame.swift in Sources */,
				73465D9B22DF7E8600F91F9C /* UIViewController+Window.swift in Sources */,
				73465D9C22DF7E8600F91F9C /* UIViewExtensions.swift in Sources */,
			);
			runOnlyForDeploymentPostprocessing = 0;
		};
/* End PBXSourcesBuildPhase section */

/* Begin PBXTargetDependency section */
		73465D7A22DF7E4A00F91F9C /* PBXTargetDependency */ = {
			isa = PBXTargetDependency;
			target = 73465D7322DF7E4900F91F9C /* Viewer */;
			targetProxy = 73465D7922DF7E4A00F91F9C /* PBXContainerItemProxy */;
		};
/* End PBXTargetDependency section */

/* Begin PBXVariantGroup section */
		14C984031C0DE79200B5E515 /* LaunchScreen.storyboard */ = {
			isa = PBXVariantGroup;
			children = (
				14C984041C0DE79200B5E515 /* Base */,
			);
			name = LaunchScreen.storyboard;
			sourceTree = "<group>";
		};
/* End PBXVariantGroup section */

/* Begin XCBuildConfiguration section */
		146D72B41AB782920058798C /* Debug */ = {
			isa = XCBuildConfiguration;
			buildSettings = {
				ALWAYS_SEARCH_USER_PATHS = NO;
				CLANG_ANALYZER_LOCALIZABILITY_NONLOCALIZED = YES;
				CLANG_CXX_LANGUAGE_STANDARD = "gnu++0x";
				CLANG_CXX_LIBRARY = "libc++";
				CLANG_ENABLE_MODULES = YES;
				CLANG_ENABLE_OBJC_ARC = YES;
				CLANG_WARN_BLOCK_CAPTURE_AUTORELEASING = YES;
				CLANG_WARN_BOOL_CONVERSION = YES;
				CLANG_WARN_COMMA = YES;
				CLANG_WARN_CONSTANT_CONVERSION = YES;
				CLANG_WARN_DEPRECATED_OBJC_IMPLEMENTATIONS = YES;
				CLANG_WARN_DIRECT_OBJC_ISA_USAGE = YES_ERROR;
				CLANG_WARN_EMPTY_BODY = YES;
				CLANG_WARN_ENUM_CONVERSION = YES;
				CLANG_WARN_INFINITE_RECURSION = YES;
				CLANG_WARN_INT_CONVERSION = YES;
				CLANG_WARN_NON_LITERAL_NULL_CONVERSION = YES;
				CLANG_WARN_OBJC_IMPLICIT_RETAIN_SELF = YES;
				CLANG_WARN_OBJC_LITERAL_CONVERSION = YES;
				CLANG_WARN_OBJC_ROOT_CLASS = YES_ERROR;
				CLANG_WARN_RANGE_LOOP_ANALYSIS = YES;
				CLANG_WARN_STRICT_PROTOTYPES = YES;
				CLANG_WARN_SUSPICIOUS_MOVE = YES;
				CLANG_WARN_UNREACHABLE_CODE = YES;
				CLANG_WARN__DUPLICATE_METHOD_MATCH = YES;
				"CODE_SIGN_IDENTITY[sdk=iphoneos*]" = "iPhone Developer";
				COPY_PHASE_STRIP = NO;
				ENABLE_STRICT_OBJC_MSGSEND = YES;
				ENABLE_TESTABILITY = YES;
				GCC_C_LANGUAGE_STANDARD = gnu99;
				GCC_DYNAMIC_NO_PIC = NO;
				GCC_NO_COMMON_BLOCKS = YES;
				GCC_OPTIMIZATION_LEVEL = 0;
				GCC_PREPROCESSOR_DEFINITIONS = (
					"DEBUG=1",
					"$(inherited)",
				);
				GCC_SYMBOLS_PRIVATE_EXTERN = NO;
				GCC_WARN_64_TO_32_BIT_CONVERSION = YES;
				GCC_WARN_ABOUT_RETURN_TYPE = YES_ERROR;
				GCC_WARN_UNDECLARED_SELECTOR = YES;
				GCC_WARN_UNINITIALIZED_AUTOS = YES_AGGRESSIVE;
				GCC_WARN_UNUSED_FUNCTION = YES;
				GCC_WARN_UNUSED_VARIABLE = YES;
				IPHONEOS_DEPLOYMENT_TARGET = 11.0;
				MTL_ENABLE_DEBUG_INFO = YES;
				ONLY_ACTIVE_ARCH = YES;
				SDKROOT = iphoneos;
			};
			name = Debug;
		};
		146D72B51AB782920058798C /* Release */ = {
			isa = XCBuildConfiguration;
			buildSettings = {
				ALWAYS_SEARCH_USER_PATHS = NO;
				CLANG_ANALYZER_LOCALIZABILITY_NONLOCALIZED = YES;
				CLANG_CXX_LANGUAGE_STANDARD = "gnu++0x";
				CLANG_CXX_LIBRARY = "libc++";
				CLANG_ENABLE_MODULES = YES;
				CLANG_ENABLE_OBJC_ARC = YES;
				CLANG_WARN_BLOCK_CAPTURE_AUTORELEASING = YES;
				CLANG_WARN_BOOL_CONVERSION = YES;
				CLANG_WARN_COMMA = YES;
				CLANG_WARN_CONSTANT_CONVERSION = YES;
				CLANG_WARN_DEPRECATED_OBJC_IMPLEMENTATIONS = YES;
				CLANG_WARN_DIRECT_OBJC_ISA_USAGE = YES_ERROR;
				CLANG_WARN_EMPTY_BODY = YES;
				CLANG_WARN_ENUM_CONVERSION = YES;
				CLANG_WARN_INFINITE_RECURSION = YES;
				CLANG_WARN_INT_CONVERSION = YES;
				CLANG_WARN_NON_LITERAL_NULL_CONVERSION = YES;
				CLANG_WARN_OBJC_IMPLICIT_RETAIN_SELF = YES;
				CLANG_WARN_OBJC_LITERAL_CONVERSION = YES;
				CLANG_WARN_OBJC_ROOT_CLASS = YES_ERROR;
				CLANG_WARN_RANGE_LOOP_ANALYSIS = YES;
				CLANG_WARN_STRICT_PROTOTYPES = YES;
				CLANG_WARN_SUSPICIOUS_MOVE = YES;
				CLANG_WARN_UNREACHABLE_CODE = YES;
				CLANG_WARN__DUPLICATE_METHOD_MATCH = YES;
				"CODE_SIGN_IDENTITY[sdk=iphoneos*]" = "iPhone Developer";
				COPY_PHASE_STRIP = NO;
				ENABLE_NS_ASSERTIONS = NO;
				ENABLE_STRICT_OBJC_MSGSEND = YES;
				GCC_C_LANGUAGE_STANDARD = gnu99;
				GCC_NO_COMMON_BLOCKS = YES;
				GCC_WARN_64_TO_32_BIT_CONVERSION = YES;
				GCC_WARN_ABOUT_RETURN_TYPE = YES_ERROR;
				GCC_WARN_UNDECLARED_SELECTOR = YES;
				GCC_WARN_UNINITIALIZED_AUTOS = YES_AGGRESSIVE;
				GCC_WARN_UNUSED_FUNCTION = YES;
				GCC_WARN_UNUSED_VARIABLE = YES;
				IPHONEOS_DEPLOYMENT_TARGET = 11.0;
				MTL_ENABLE_DEBUG_INFO = NO;
				SDKROOT = iphoneos;
				VALIDATE_PRODUCT = YES;
			};
			name = Release;
		};
		146D72BA1AB782920058798C /* Debug */ = {
			isa = XCBuildConfiguration;
			buildSettings = {
				CLANG_ENABLE_MODULES = YES;
				CODE_SIGN_IDENTITY = "iPhone Developer";
				CODE_SIGN_STYLE = Manual;
				DEVELOPMENT_TEAM = "";
				FRAMEWORK_SEARCH_PATHS = "";
				GCC_PREPROCESSOR_DEFINITIONS = (
					"DEBUG=1",
					"$(inherited)",
				);
				INFOPLIST_FILE = Tests/Info.plist;
				LD_RUNPATH_SEARCH_PATHS = "$(inherited) @executable_path/Frameworks @loader_path/Frameworks";
				PRODUCT_BUNDLE_IDENTIFIER = "com.sample.$(PRODUCT_NAME:rfc1034identifier)";
				PRODUCT_NAME = "$(TARGET_NAME)";
				PROVISIONING_PROFILE_SPECIFIER = "";
				SWIFT_OPTIMIZATION_LEVEL = "-Onone";
				SWIFT_VERSION = 5.0;
			};
			name = Debug;
		};
		146D72BB1AB782920058798C /* Release */ = {
			isa = XCBuildConfiguration;
			buildSettings = {
				CLANG_ENABLE_MODULES = YES;
				CODE_SIGN_IDENTITY = "iPhone Developer";
				CODE_SIGN_STYLE = Manual;
				DEVELOPMENT_TEAM = "";
				FRAMEWORK_SEARCH_PATHS = "";
				INFOPLIST_FILE = Tests/Info.plist;
				LD_RUNPATH_SEARCH_PATHS = "$(inherited) @executable_path/Frameworks @loader_path/Frameworks";
				PRODUCT_BUNDLE_IDENTIFIER = "com.sample.$(PRODUCT_NAME:rfc1034identifier)";
				PRODUCT_NAME = "$(TARGET_NAME)";
				PROVISIONING_PROFILE_SPECIFIER = "";
				SWIFT_OPTIMIZATION_LEVEL = "-Owholemodule";
				SWIFT_VERSION = 5.0;
			};
			name = Release;
		};
		14C984071C0DE79200B5E515 /* Debug */ = {
			isa = XCBuildConfiguration;
			buildSettings = {
				ALWAYS_EMBED_SWIFT_STANDARD_LIBRARIES = YES;
				ASSETCATALOG_COMPILER_APPICON_NAME = AppIcon;
				ASSETCATALOG_COMPILER_LAUNCHIMAGE_NAME = LaunchImage;
				CODE_SIGN_IDENTITY = "iPhone Developer";
				"CODE_SIGN_IDENTITY[sdk=iphoneos*]" = "iPhone Developer";
				CODE_SIGN_STYLE = Manual;
				DEBUG_INFORMATION_FORMAT = dwarf;
				DEVELOPMENT_TEAM = "";
				GCC_NO_COMMON_BLOCKS = YES;
				INFOPLIST_FILE = iOS/Info.plist;
				IPHONEOS_DEPLOYMENT_TARGET = 11.0;
				LD_RUNPATH_SEARCH_PATHS = "$(inherited) @executable_path/Frameworks";
				PRODUCT_BUNDLE_IDENTIFIER = com.finn.demoapp.ios;
				PRODUCT_NAME = "$(TARGET_NAME)";
				PROVISIONING_PROFILE = "";
				PROVISIONING_PROFILE_SPECIFIER = "";
				SWIFT_OPTIMIZATION_LEVEL = "-Onone";
				SWIFT_VERSION = 5.0;
				TARGETED_DEVICE_FAMILY = "1,2";
			};
			name = Debug;
		};
		14C984081C0DE79200B5E515 /* Release */ = {
			isa = XCBuildConfiguration;
			buildSettings = {
				ALWAYS_EMBED_SWIFT_STANDARD_LIBRARIES = YES;
				ASSETCATALOG_COMPILER_APPICON_NAME = AppIcon;
				ASSETCATALOG_COMPILER_LAUNCHIMAGE_NAME = LaunchImage;
				CODE_SIGN_IDENTITY = "iPhone Developer";
				"CODE_SIGN_IDENTITY[sdk=iphoneos*]" = "iPhone Developer";
				CODE_SIGN_STYLE = Manual;
				DEBUG_INFORMATION_FORMAT = "dwarf-with-dsym";
				DEVELOPMENT_TEAM = "";
				GCC_NO_COMMON_BLOCKS = YES;
				INFOPLIST_FILE = iOS/Info.plist;
				IPHONEOS_DEPLOYMENT_TARGET = 11.0;
				LD_RUNPATH_SEARCH_PATHS = "$(inherited) @executable_path/Frameworks";
				PRODUCT_BUNDLE_IDENTIFIER = com.finn.demoapp.ios;
				PRODUCT_NAME = "$(TARGET_NAME)";
				PROVISIONING_PROFILE_SPECIFIER = "";
				SWIFT_OPTIMIZATION_LEVEL = "-Owholemodule";
				SWIFT_VERSION = 5.0;
				TARGETED_DEVICE_FAMILY = "1,2";
			};
			name = Release;
		};
		14E5F76B1E7831B000D970EF /* Debug */ = {
			isa = XCBuildConfiguration;
			buildSettings = {
				ASSETCATALOG_COMPILER_APPICON_NAME = "Brand Assets";
				ASSETCATALOG_COMPILER_LAUNCHIMAGE_NAME = LaunchImage;
				CLANG_ANALYZER_NONNULL = YES;
				CLANG_WARN_DOCUMENTATION_COMMENTS = YES;
				CODE_SIGN_IDENTITY = "iPhone Developer";
				CODE_SIGN_STYLE = Manual;
				DEBUG_INFORMATION_FORMAT = dwarf;
				DEVELOPMENT_TEAM = "";
				INFOPLIST_FILE = tvOS/Info.plist;
				LD_RUNPATH_SEARCH_PATHS = "$(inherited) @executable_path/Frameworks";
				PRODUCT_BUNDLE_IDENTIFIER = com.finn.demo.tvOS;
				PRODUCT_NAME = "$(TARGET_NAME)";
				PROVISIONING_PROFILE_SPECIFIER = "";
				SDKROOT = appletvos;
				SWIFT_ACTIVE_COMPILATION_CONDITIONS = DEBUG;
				SWIFT_OPTIMIZATION_LEVEL = "-Onone";
				SWIFT_VERSION = 5.0;
				TARGETED_DEVICE_FAMILY = 3;
				TVOS_DEPLOYMENT_TARGET = 11.0;
			};
			name = Debug;
		};
		14E5F76C1E7831B000D970EF /* Release */ = {
			isa = XCBuildConfiguration;
			buildSettings = {
				ASSETCATALOG_COMPILER_APPICON_NAME = "Brand Assets";
				ASSETCATALOG_COMPILER_LAUNCHIMAGE_NAME = LaunchImage;
				CLANG_ANALYZER_NONNULL = YES;
				CLANG_WARN_DOCUMENTATION_COMMENTS = YES;
				CODE_SIGN_IDENTITY = "iPhone Developer";
				CODE_SIGN_STYLE = Manual;
				DEBUG_INFORMATION_FORMAT = "dwarf-with-dsym";
				DEVELOPMENT_TEAM = "";
				INFOPLIST_FILE = tvOS/Info.plist;
				LD_RUNPATH_SEARCH_PATHS = "$(inherited) @executable_path/Frameworks";
				PRODUCT_BUNDLE_IDENTIFIER = com.finn.demo.tvOS;
				PRODUCT_NAME = "$(TARGET_NAME)";
				PROVISIONING_PROFILE_SPECIFIER = "";
				SDKROOT = appletvos;
				SWIFT_OPTIMIZATION_LEVEL = "-Owholemodule";
				SWIFT_VERSION = 5.0;
				TARGETED_DEVICE_FAMILY = 3;
				TVOS_DEPLOYMENT_TARGET = 11.0;
			};
			name = Release;
		};
		73465D7D22DF7E4A00F91F9C /* Debug */ = {
			isa = XCBuildConfiguration;
			buildSettings = {
				CLANG_ANALYZER_NONNULL = YES;
				CLANG_ANALYZER_NUMBER_OBJECT_CONVERSION = YES_AGGRESSIVE;
				CLANG_CXX_LANGUAGE_STANDARD = "gnu++14";
				CLANG_ENABLE_OBJC_WEAK = YES;
				CLANG_WARN_DOCUMENTATION_COMMENTS = YES;
				CLANG_WARN_UNGUARDED_AVAILABILITY = YES_AGGRESSIVE;
				CODE_SIGN_IDENTITY = "";
				"CODE_SIGN_IDENTITY[sdk=iphoneos*]" = "iPhone Developer";
				CODE_SIGN_STYLE = Automatic;
				CURRENT_PROJECT_VERSION = 1;
				DEBUG_INFORMATION_FORMAT = dwarf;
				DEFINES_MODULE = YES;
				DEVELOPMENT_TEAM = "";
				DYLIB_COMPATIBILITY_VERSION = 1;
				DYLIB_CURRENT_VERSION = 1;
				DYLIB_INSTALL_NAME_BASE = "@rpath";
				GCC_C_LANGUAGE_STANDARD = gnu11;
				INFOPLIST_FILE = Viewer/Info.plist;
				INSTALL_PATH = "$(LOCAL_LIBRARY_DIR)/Frameworks";
				IPHONEOS_DEPLOYMENT_TARGET = 11.0;
				LD_RUNPATH_SEARCH_PATHS = "$(inherited) @executable_path/Frameworks @loader_path/Frameworks";
				MTL_ENABLE_DEBUG_INFO = INCLUDE_SOURCE;
				MTL_FAST_MATH = YES;
				PRODUCT_BUNDLE_IDENTIFIER = com.finn.Viewer;
				PRODUCT_NAME = "$(TARGET_NAME:c99extidentifier)";
				SKIP_INSTALL = YES;
				SWIFT_ACTIVE_COMPILATION_CONDITIONS = DEBUG;
				SWIFT_OPTIMIZATION_LEVEL = "-Onone";
				SWIFT_VERSION = 5.0;
				TARGETED_DEVICE_FAMILY = "1,2";
				VERSIONING_SYSTEM = "apple-generic";
				VERSION_INFO_PREFIX = "";
			};
			name = Debug;
		};
		73465D7E22DF7E4A00F91F9C /* Release */ = {
			isa = XCBuildConfiguration;
			buildSettings = {
				CLANG_ANALYZER_NONNULL = YES;
				CLANG_ANALYZER_NUMBER_OBJECT_CONVERSION = YES_AGGRESSIVE;
				CLANG_CXX_LANGUAGE_STANDARD = "gnu++14";
				CLANG_ENABLE_OBJC_WEAK = YES;
				CLANG_WARN_DOCUMENTATION_COMMENTS = YES;
				CLANG_WARN_UNGUARDED_AVAILABILITY = YES_AGGRESSIVE;
				CODE_SIGN_IDENTITY = "";
				"CODE_SIGN_IDENTITY[sdk=iphoneos*]" = "iPhone Developer";
				CODE_SIGN_STYLE = Automatic;
				CURRENT_PROJECT_VERSION = 1;
				DEBUG_INFORMATION_FORMAT = "dwarf-with-dsym";
				DEFINES_MODULE = YES;
				DEVELOPMENT_TEAM = "";
				DYLIB_COMPATIBILITY_VERSION = 1;
				DYLIB_CURRENT_VERSION = 1;
				DYLIB_INSTALL_NAME_BASE = "@rpath";
				GCC_C_LANGUAGE_STANDARD = gnu11;
				INFOPLIST_FILE = Viewer/Info.plist;
				INSTALL_PATH = "$(LOCAL_LIBRARY_DIR)/Frameworks";
				IPHONEOS_DEPLOYMENT_TARGET = 11.0;
				LD_RUNPATH_SEARCH_PATHS = "$(inherited) @executable_path/Frameworks @loader_path/Frameworks";
				MTL_FAST_MATH = YES;
				PRODUCT_BUNDLE_IDENTIFIER = com.finn.Viewer;
				PRODUCT_NAME = "$(TARGET_NAME:c99extidentifier)";
				SKIP_INSTALL = YES;
				SWIFT_OPTIMIZATION_LEVEL = "-Owholemodule";
				SWIFT_VERSION = 5.0;
				TARGETED_DEVICE_FAMILY = "1,2";
				VERSIONING_SYSTEM = "apple-generic";
				VERSION_INFO_PREFIX = "";
			};
			name = Release;
		};
/* End XCBuildConfiguration section */

/* Begin XCConfigurationList section */
		146D728E1AB782920058798C /* Build configuration list for PBXProject "Demo" */ = {
			isa = XCConfigurationList;
			buildConfigurations = (
				146D72B41AB782920058798C /* Debug */,
				146D72B51AB782920058798C /* Release */,
			);
			defaultConfigurationIsVisible = 0;
			defaultConfigurationName = Release;
		};
		146D72B91AB782920058798C /* Build configuration list for PBXNativeTarget "Tests" */ = {
			isa = XCConfigurationList;
			buildConfigurations = (
				146D72BA1AB782920058798C /* Debug */,
				146D72BB1AB782920058798C /* Release */,
			);
			defaultConfigurationIsVisible = 0;
			defaultConfigurationName = Release;
		};
		14C984091C0DE79200B5E515 /* Build configuration list for PBXNativeTarget "iOS" */ = {
			isa = XCConfigurationList;
			buildConfigurations = (
				14C984071C0DE79200B5E515 /* Debug */,
				14C984081C0DE79200B5E515 /* Release */,
			);
			defaultConfigurationIsVisible = 0;
			defaultConfigurationName = Release;
		};
		14E5F76D1E7831B000D970EF /* Build configuration list for PBXNativeTarget "tvOS" */ = {
			isa = XCConfigurationList;
			buildConfigurations = (
				14E5F76B1E7831B000D970EF /* Debug */,
				14E5F76C1E7831B000D970EF /* Release */,
			);
			defaultConfigurationIsVisible = 0;
			defaultConfigurationName = Release;
		};
		73465D7F22DF7E4A00F91F9C /* Build configuration list for PBXNativeTarget "Viewer" */ = {
			isa = XCConfigurationList;
			buildConfigurations = (
				73465D7D22DF7E4A00F91F9C /* Debug */,
				73465D7E22DF7E4A00F91F9C /* Release */,
			);
			defaultConfigurationIsVisible = 0;
			defaultConfigurationName = Release;
		};
/* End XCConfigurationList section */
	};
	rootObject = 146D728B1AB782920058798C /* Project object */;
}
