// !$*UTF8*$!
{
	archiveVersion = 1;
	classes = {
	};
	objectVersion = 46;
	objects = {

/* Begin PBXBuildFile section */
		1438033E1C2452A1003CA252 /* NSIndexPath+Contiguous.swift in Sources */ = {isa = PBXBuildFile; fileRef = 143803351C2452A1003CA252 /* NSIndexPath+Contiguous.swift */; };
		143803401C2452A1003CA252 /* UIImage+CenteredFrame.swift in Sources */ = {isa = PBXBuildFile; fileRef = 143803361C2452A1003CA252 /* UIImage+CenteredFrame.swift */; };
		143803421C2452A1003CA252 /* UIViewController+Window.swift in Sources */ = {isa = PBXBuildFile; fileRef = 143803371C2452A1003CA252 /* UIViewController+Window.swift */; };
		143803441C2452A1003CA252 /* ViewerController.swift in Sources */ = {isa = PBXBuildFile; fileRef = 143803381C2452A1003CA252 /* ViewerController.swift */; };
		143803461C2452A1003CA252 /* ViewerItem.swift in Sources */ = {isa = PBXBuildFile; fileRef = 143803391C2452A1003CA252 /* ViewerItem.swift */; };
		143803481C2452A1003CA252 /* ViewerItemController.swift in Sources */ = {isa = PBXBuildFile; fileRef = 1438033A1C2452A1003CA252 /* ViewerItemController.swift */; };
		143B5C3B1C0EED51000B6A18 /* PhotoCell.swift in Sources */ = {isa = PBXBuildFile; fileRef = 143B5C3A1C0EED51000B6A18 /* PhotoCell.swift */; };
		143B5C3F1C0EF76E000B6A18 /* Photo.swift in Sources */ = {isa = PBXBuildFile; fileRef = 143B5C3E1C0EF76E000B6A18 /* Photo.swift */; };
		147315251C28415800B41939 /* clear.png in Resources */ = {isa = PBXBuildFile; fileRef = 147315241C28415800B41939 /* clear.png */; };
		147EE8561C92F0FF00A7B449 /* UIImage+CenteredFrame.swift in Sources */ = {isa = PBXBuildFile; fileRef = 143803361C2452A1003CA252 /* UIImage+CenteredFrame.swift */; };
		147EE8571C92F10300A7B449 /* NSIndexPath+Contiguous.swift in Sources */ = {isa = PBXBuildFile; fileRef = 143803351C2452A1003CA252 /* NSIndexPath+Contiguous.swift */; };
		147EE8581C92F10700A7B449 /* UIViewController+Window.swift in Sources */ = {isa = PBXBuildFile; fileRef = 143803371C2452A1003CA252 /* UIViewController+Window.swift */; };
		147EE8591C92F10A00A7B449 /* ViewerController.swift in Sources */ = {isa = PBXBuildFile; fileRef = 143803381C2452A1003CA252 /* ViewerController.swift */; };
		147EE85A1C92F10C00A7B449 /* ViewerItem.swift in Sources */ = {isa = PBXBuildFile; fileRef = 143803391C2452A1003CA252 /* ViewerItem.swift */; };
		147EE85B1C92F10E00A7B449 /* ViewerItemController.swift in Sources */ = {isa = PBXBuildFile; fileRef = 1438033A1C2452A1003CA252 /* ViewerItemController.swift */; };
		14A139B41AEFC72B00AD732F /* Tests.swift in Sources */ = {isa = PBXBuildFile; fileRef = 14A139B31AEFC72B00AD732F /* Tests.swift */; };
		14A4EDBC1C216E3F00411FC6 /* PopupController.swift in Sources */ = {isa = PBXBuildFile; fileRef = 14A4EDBB1C216E3F00411FC6 /* PopupController.swift */; };
		14AE4D5D1C18834500EEC4D9 /* 3.jpg in Resources */ = {isa = PBXBuildFile; fileRef = 14AE4D5C1C18834500EEC4D9 /* 3.jpg */; };
		14AE4D5F1C18928B00EEC4D9 /* 4.jpg in Resources */ = {isa = PBXBuildFile; fileRef = 14AE4D5E1C18928B00EEC4D9 /* 4.jpg */; };
		14B95A471C57C8BE00FF14D8 /* 5.png in Resources */ = {isa = PBXBuildFile; fileRef = 14B95A461C57C8BE00FF14D8 /* 5.png */; };
		14B9C0FE1C2020C600FDE58B /* HeaderView.swift in Sources */ = {isa = PBXBuildFile; fileRef = 14B9C0FD1C2020C600FDE58B /* HeaderView.swift */; };
		14B9C1001C2020CB00FDE58B /* FooterView.swift in Sources */ = {isa = PBXBuildFile; fileRef = 14B9C0FF1C2020CB00FDE58B /* FooterView.swift */; };
		14C984001C0DE79200B5E515 /* AppDelegate.swift in Sources */ = {isa = PBXBuildFile; fileRef = 14C983FF1C0DE79200B5E515 /* AppDelegate.swift */; };
		14C984021C0DE79200B5E515 /* Assets.xcassets in Resources */ = {isa = PBXBuildFile; fileRef = 14C984011C0DE79200B5E515 /* Assets.xcassets */; };
		14C984051C0DE79200B5E515 /* LaunchScreen.storyboard in Resources */ = {isa = PBXBuildFile; fileRef = 14C984031C0DE79200B5E515 /* LaunchScreen.storyboard */; };
		14C9840B1C0DE7B300B5E515 /* RemoteCollectionController.swift in Sources */ = {isa = PBXBuildFile; fileRef = 14C9840A1C0DE7B300B5E515 /* RemoteCollectionController.swift */; };
		14D081371C18579700E3FFC3 /* 0.jpg in Resources */ = {isa = PBXBuildFile; fileRef = 14D081341C18579700E3FFC3 /* 0.jpg */; };
		14D081381C18579700E3FFC3 /* 1.jpg in Resources */ = {isa = PBXBuildFile; fileRef = 14D081351C18579700E3FFC3 /* 1.jpg */; };
		14D081391C18579700E3FFC3 /* 2.jpg in Resources */ = {isa = PBXBuildFile; fileRef = 14D081361C18579700E3FFC3 /* 2.jpg */; };
		14D33A861C6203FA00A8BE11 /* LocalCollectionController.swift in Sources */ = {isa = PBXBuildFile; fileRef = 14D33A851C6203FA00A8BE11 /* LocalCollectionController.swift */; };
		14EC47B81C58F6BC0028A0CD /* MovieContainer.swift in Sources */ = {isa = PBXBuildFile; fileRef = 14EC47B71C58F6BC0028A0CD /* MovieContainer.swift */; };
		14EC47B91C58F6C00028A0CD /* MovieContainer.swift in Sources */ = {isa = PBXBuildFile; fileRef = 14EC47B71C58F6BC0028A0CD /* MovieContainer.swift */; };
/* End PBXBuildFile section */

/* Begin PBXFileReference section */
		143803351C2452A1003CA252 /* NSIndexPath+Contiguous.swift */ = {isa = PBXFileReference; fileEncoding = 4; lastKnownFileType = sourcecode.swift; path = "NSIndexPath+Contiguous.swift"; sourceTree = "<group>"; };
		143803361C2452A1003CA252 /* UIImage+CenteredFrame.swift */ = {isa = PBXFileReference; fileEncoding = 4; lastKnownFileType = sourcecode.swift; path = "UIImage+CenteredFrame.swift"; sourceTree = "<group>"; };
		143803371C2452A1003CA252 /* UIViewController+Window.swift */ = {isa = PBXFileReference; fileEncoding = 4; lastKnownFileType = sourcecode.swift; path = "UIViewController+Window.swift"; sourceTree = "<group>"; };
		143803381C2452A1003CA252 /* ViewerController.swift */ = {isa = PBXFileReference; fileEncoding = 4; lastKnownFileType = sourcecode.swift; path = ViewerController.swift; sourceTree = "<group>"; };
		143803391C2452A1003CA252 /* ViewerItem.swift */ = {isa = PBXFileReference; fileEncoding = 4; lastKnownFileType = sourcecode.swift; path = ViewerItem.swift; sourceTree = "<group>"; };
		1438033A1C2452A1003CA252 /* ViewerItemController.swift */ = {isa = PBXFileReference; fileEncoding = 4; lastKnownFileType = sourcecode.swift; path = ViewerItemController.swift; sourceTree = "<group>"; };
		143B5C3A1C0EED51000B6A18 /* PhotoCell.swift */ = {isa = PBXFileReference; fileEncoding = 4; lastKnownFileType = sourcecode.swift; path = PhotoCell.swift; sourceTree = "<group>"; };
		143B5C3E1C0EF76E000B6A18 /* Photo.swift */ = {isa = PBXFileReference; fileEncoding = 4; lastKnownFileType = sourcecode.swift; path = Photo.swift; sourceTree = "<group>"; };
		146D72AC1AB782920058798C /* Tests.xctest */ = {isa = PBXFileReference; explicitFileType = wrapper.cfbundle; includeInIndex = 0; path = Tests.xctest; sourceTree = BUILT_PRODUCTS_DIR; };
		146D72B11AB782920058798C /* Info.plist */ = {isa = PBXFileReference; lastKnownFileType = text.plist.xml; path = Info.plist; sourceTree = "<group>"; };
		147315241C28415800B41939 /* clear.png */ = {isa = PBXFileReference; lastKnownFileType = image.png; path = clear.png; sourceTree = "<group>"; };
		14A139B31AEFC72B00AD732F /* Tests.swift */ = {isa = PBXFileReference; fileEncoding = 4; lastKnownFileType = sourcecode.swift; path = Tests.swift; sourceTree = "<group>"; };
		14A4EDBB1C216E3F00411FC6 /* PopupController.swift */ = {isa = PBXFileReference; fileEncoding = 4; lastKnownFileType = sourcecode.swift; path = PopupController.swift; sourceTree = "<group>"; };
		14AE4D5C1C18834500EEC4D9 /* 3.jpg */ = {isa = PBXFileReference; lastKnownFileType = image.jpeg; path = 3.jpg; sourceTree = "<group>"; };
		14AE4D5E1C18928B00EEC4D9 /* 4.jpg */ = {isa = PBXFileReference; lastKnownFileType = image.jpeg; path = 4.jpg; sourceTree = "<group>"; };
		14B95A461C57C8BE00FF14D8 /* 5.png */ = {isa = PBXFileReference; lastKnownFileType = image.png; path = 5.png; sourceTree = "<group>"; };
		14B9C0FD1C2020C600FDE58B /* HeaderView.swift */ = {isa = PBXFileReference; fileEncoding = 4; lastKnownFileType = sourcecode.swift; path = HeaderView.swift; sourceTree = "<group>"; };
		14B9C0FF1C2020CB00FDE58B /* FooterView.swift */ = {isa = PBXFileReference; fileEncoding = 4; lastKnownFileType = sourcecode.swift; path = FooterView.swift; sourceTree = "<group>"; };
		14C0AF7F1BD6D4230009ECBE /* .slather.yml */ = {isa = PBXFileReference; lastKnownFileType = text; path = .slather.yml; sourceTree = "<group>"; };
		14C0AF801BD6D4230009ECBE /* .travis.yml */ = {isa = PBXFileReference; lastKnownFileType = text; path = .travis.yml; sourceTree = "<group>"; };
		14C0AF811BD6D4230009ECBE /* CHANGELOG.md */ = {isa = PBXFileReference; lastKnownFileType = net.daringfireball.markdown; path = CHANGELOG.md; sourceTree = "<group>"; };
		14C0AF821BD6D4230009ECBE /* CONTRIBUTING.md */ = {isa = PBXFileReference; lastKnownFileType = net.daringfireball.markdown; path = CONTRIBUTING.md; sourceTree = "<group>"; };
		14C0AF831BD6D4230009ECBE /* README.md */ = {isa = PBXFileReference; lastKnownFileType = net.daringfireball.markdown; path = README.md; sourceTree = "<group>"; };
		14C983FD1C0DE79200B5E515 /* iOS.app */ = {isa = PBXFileReference; explicitFileType = wrapper.application; includeInIndex = 0; path = iOS.app; sourceTree = BUILT_PRODUCTS_DIR; };
		14C983FF1C0DE79200B5E515 /* AppDelegate.swift */ = {isa = PBXFileReference; lastKnownFileType = sourcecode.swift; path = AppDelegate.swift; sourceTree = "<group>"; };
		14C984011C0DE79200B5E515 /* Assets.xcassets */ = {isa = PBXFileReference; lastKnownFileType = folder.assetcatalog; path = Assets.xcassets; sourceTree = "<group>"; };
		14C984041C0DE79200B5E515 /* Base */ = {isa = PBXFileReference; lastKnownFileType = file.storyboard; name = Base; path = Base.lproj/LaunchScreen.storyboard; sourceTree = "<group>"; };
		14C984061C0DE79200B5E515 /* Info.plist */ = {isa = PBXFileReference; lastKnownFileType = text.plist.xml; path = Info.plist; sourceTree = "<group>"; };
		14C9840A1C0DE7B300B5E515 /* RemoteCollectionController.swift */ = {isa = PBXFileReference; fileEncoding = 4; lastKnownFileType = sourcecode.swift; path = RemoteCollectionController.swift; sourceTree = "<group>"; };
		14D081341C18579700E3FFC3 /* 0.jpg */ = {isa = PBXFileReference; lastKnownFileType = image.jpeg; path = 0.jpg; sourceTree = "<group>"; };
		14D081351C18579700E3FFC3 /* 1.jpg */ = {isa = PBXFileReference; lastKnownFileType = image.jpeg; path = 1.jpg; sourceTree = "<group>"; };
		14D081361C18579700E3FFC3 /* 2.jpg */ = {isa = PBXFileReference; lastKnownFileType = image.jpeg; path = 2.jpg; sourceTree = "<group>"; };
		14D33A851C6203FA00A8BE11 /* LocalCollectionController.swift */ = {isa = PBXFileReference; fileEncoding = 4; lastKnownFileType = sourcecode.swift; path = LocalCollectionController.swift; sourceTree = "<group>"; };
		14EC47B71C58F6BC0028A0CD /* MovieContainer.swift */ = {isa = PBXFileReference; fileEncoding = 4; lastKnownFileType = sourcecode.swift; path = MovieContainer.swift; sourceTree = "<group>"; };
/* End PBXFileReference section */

/* Begin PBXFrameworksBuildPhase section */
		146D72A91AB782920058798C /* Frameworks */ = {
			isa = PBXFrameworksBuildPhase;
			buildActionMask = 2147483647;
			files = (
			);
			runOnlyForDeploymentPostprocessing = 0;
		};
		14C983FA1C0DE79200B5E515 /* Frameworks */ = {
			isa = PBXFrameworksBuildPhase;
			buildActionMask = 2147483647;
			files = (
			);
			runOnlyForDeploymentPostprocessing = 0;
		};
/* End PBXFrameworksBuildPhase section */

/* Begin PBXGroup section */
		146D728A1AB782920058798C = {
			isa = PBXGroup;
			children = (
				14C136501AB7849300B7B07A /* Metadata */,
				14C0AF841BD6D4370009ECBE /* Source */,
				146D72AF1AB782920058798C /* Tests */,
				14C983FE1C0DE79200B5E515 /* iOS */,
				146D72941AB782920058798C /* Products */,
			);
			indentWidth = 4;
			sourceTree = "<group>";
			tabWidth = 4;
		};
		146D72941AB782920058798C /* Products */ = {
			isa = PBXGroup;
			children = (
				146D72AC1AB782920058798C /* Tests.xctest */,
				14C983FD1C0DE79200B5E515 /* iOS.app */,
			);
			name = Products;
			sourceTree = "<group>";
		};
		146D72AF1AB782920058798C /* Tests */ = {
			isa = PBXGroup;
			children = (
				14A139B31AEFC72B00AD732F /* Tests.swift */,
				146D72B01AB782920058798C /* Supporting Files */,
			);
			path = Tests;
			sourceTree = "<group>";
		};
		146D72B01AB782920058798C /* Supporting Files */ = {
			isa = PBXGroup;
			children = (
				146D72B11AB782920058798C /* Info.plist */,
			);
			name = "Supporting Files";
			sourceTree = "<group>";
		};
		14C0AF841BD6D4370009ECBE /* Source */ = {
			isa = PBXGroup;
			children = (
				143803351C2452A1003CA252 /* NSIndexPath+Contiguous.swift */,
				143803361C2452A1003CA252 /* UIImage+CenteredFrame.swift */,
				143803371C2452A1003CA252 /* UIViewController+Window.swift */,
				143803381C2452A1003CA252 /* ViewerController.swift */,
				143803391C2452A1003CA252 /* ViewerItem.swift */,
				1438033A1C2452A1003CA252 /* ViewerItemController.swift */,
				14EC47B71C58F6BC0028A0CD /* MovieContainer.swift */,
			);
			path = Source;
			sourceTree = "<group>";
		};
		14C136501AB7849300B7B07A /* Metadata */ = {
			isa = PBXGroup;
			children = (
				14C0AF7F1BD6D4230009ECBE /* .slather.yml */,
				14C0AF801BD6D4230009ECBE /* .travis.yml */,
				14C0AF811BD6D4230009ECBE /* CHANGELOG.md */,
				14C0AF821BD6D4230009ECBE /* CONTRIBUTING.md */,
				14C0AF831BD6D4230009ECBE /* README.md */,
			);
			name = Metadata;
			sourceTree = "<group>";
		};
		14C983FE1C0DE79200B5E515 /* iOS */ = {
			isa = PBXGroup;
			children = (
				14C983FF1C0DE79200B5E515 /* AppDelegate.swift */,
				14C9840A1C0DE7B300B5E515 /* RemoteCollectionController.swift */,
				14D33A851C6203FA00A8BE11 /* LocalCollectionController.swift */,
				143B5C3A1C0EED51000B6A18 /* PhotoCell.swift */,
				143B5C3E1C0EF76E000B6A18 /* Photo.swift */,
				14B9C0FD1C2020C600FDE58B /* HeaderView.swift */,
				14B9C0FF1C2020CB00FDE58B /* FooterView.swift */,
				14A4EDBB1C216E3F00411FC6 /* PopupController.swift */,
				14D081341C18579700E3FFC3 /* 0.jpg */,
				14D081351C18579700E3FFC3 /* 1.jpg */,
				14D081361C18579700E3FFC3 /* 2.jpg */,
				14AE4D5C1C18834500EEC4D9 /* 3.jpg */,
				14AE4D5E1C18928B00EEC4D9 /* 4.jpg */,
				14B95A461C57C8BE00FF14D8 /* 5.png */,
				147315241C28415800B41939 /* clear.png */,
				14C984011C0DE79200B5E515 /* Assets.xcassets */,
				14C984031C0DE79200B5E515 /* LaunchScreen.storyboard */,
				14C984061C0DE79200B5E515 /* Info.plist */,
			);
			path = iOS;
			sourceTree = "<group>";
		};
/* End PBXGroup section */

/* Begin PBXNativeTarget section */
		146D72AB1AB782920058798C /* Tests */ = {
			isa = PBXNativeTarget;
			buildConfigurationList = 146D72B91AB782920058798C /* Build configuration list for PBXNativeTarget "Tests" */;
			buildPhases = (
				146D72A81AB782920058798C /* Sources */,
				146D72A91AB782920058798C /* Frameworks */,
				146D72AA1AB782920058798C /* Resources */,
			);
			buildRules = (
			);
			dependencies = (
			);
			name = Tests;
			productName = PodTests;
			productReference = 146D72AC1AB782920058798C /* Tests.xctest */;
			productType = "com.apple.product-type.bundle.unit-test";
		};
		14C983FC1C0DE79200B5E515 /* iOS */ = {
			isa = PBXNativeTarget;
			buildConfigurationList = 14C984091C0DE79200B5E515 /* Build configuration list for PBXNativeTarget "iOS" */;
			buildPhases = (
				14C983F91C0DE79200B5E515 /* Sources */,
				14C983FA1C0DE79200B5E515 /* Frameworks */,
				14C983FB1C0DE79200B5E515 /* Resources */,
			);
			buildRules = (
			);
			dependencies = (
			);
			name = iOS;
			productName = iOS;
			productReference = 14C983FD1C0DE79200B5E515 /* iOS.app */;
			productType = "com.apple.product-type.application";
		};
/* End PBXNativeTarget section */

/* Begin PBXProject section */
		146D728B1AB782920058798C /* Project object */ = {
			isa = PBXProject;
			attributes = {
				CLASSPREFIX = "";
				LastSwiftUpdateCheck = 0720;
				LastUpgradeCheck = 0700;
				ORGANIZATIONNAME = "";
				TargetAttributes = {
					146D72AB1AB782920058798C = {
						CreatedOnToolsVersion = 6.2;
					};
					14C983FC1C0DE79200B5E515 = {
						CreatedOnToolsVersion = 7.2;
					};
				};
			};
			buildConfigurationList = 146D728E1AB782920058798C /* Build configuration list for PBXProject "Demo" */;
			compatibilityVersion = "Xcode 3.2";
			developmentRegion = English;
			hasScannedForEncodings = 0;
			knownRegions = (
				en,
				Base,
			);
			mainGroup = 146D728A1AB782920058798C;
			productRefGroup = 146D72941AB782920058798C /* Products */;
			projectDirPath = "";
			projectRoot = "";
			targets = (
				146D72AB1AB782920058798C /* Tests */,
				14C983FC1C0DE79200B5E515 /* iOS */,
			);
		};
/* End PBXProject section */

/* Begin PBXResourcesBuildPhase section */
		146D72AA1AB782920058798C /* Resources */ = {
			isa = PBXResourcesBuildPhase;
			buildActionMask = 2147483647;
			files = (
			);
			runOnlyForDeploymentPostprocessing = 0;
		};
		14C983FB1C0DE79200B5E515 /* Resources */ = {
			isa = PBXResourcesBuildPhase;
			buildActionMask = 2147483647;
			files = (
				14AE4D5D1C18834500EEC4D9 /* 3.jpg in Resources */,
				14AE4D5F1C18928B00EEC4D9 /* 4.jpg in Resources */,
				14D081371C18579700E3FFC3 /* 0.jpg in Resources */,
				147315251C28415800B41939 /* clear.png in Resources */,
				14C984021C0DE79200B5E515 /* Assets.xcassets in Resources */,
				14D081381C18579700E3FFC3 /* 1.jpg in Resources */,
				14B95A471C57C8BE00FF14D8 /* 5.png in Resources */,
				14C984051C0DE79200B5E515 /* LaunchScreen.storyboard in Resources */,
				14D081391C18579700E3FFC3 /* 2.jpg in Resources */,
			);
			runOnlyForDeploymentPostprocessing = 0;
		};
/* End PBXResourcesBuildPhase section */

/* Begin PBXSourcesBuildPhase section */
		146D72A81AB782920058798C /* Sources */ = {
			isa = PBXSourcesBuildPhase;
			buildActionMask = 2147483647;
			files = (
				147EE8581C92F10700A7B449 /* UIViewController+Window.swift in Sources */,
				147EE8591C92F10A00A7B449 /* ViewerController.swift in Sources */,
				147EE85B1C92F10E00A7B449 /* ViewerItemController.swift in Sources */,
				147EE8571C92F10300A7B449 /* NSIndexPath+Contiguous.swift in Sources */,
				147EE8561C92F0FF00A7B449 /* UIImage+CenteredFrame.swift in Sources */,
				14EC47B81C58F6BC0028A0CD /* MovieContainer.swift in Sources */,
				147EE85A1C92F10C00A7B449 /* ViewerItem.swift in Sources */,
				14A139B41AEFC72B00AD732F /* Tests.swift in Sources */,
			);
			runOnlyForDeploymentPostprocessing = 0;
		};
		14C983F91C0DE79200B5E515 /* Sources */ = {
			isa = PBXSourcesBuildPhase;
			buildActionMask = 2147483647;
			files = (
				143803481C2452A1003CA252 /* ViewerItemController.swift in Sources */,
				143803461C2452A1003CA252 /* ViewerItem.swift in Sources */,
				143803441C2452A1003CA252 /* ViewerController.swift in Sources */,
				143803421C2452A1003CA252 /* UIViewController+Window.swift in Sources */,
				143B5C3F1C0EF76E000B6A18 /* Photo.swift in Sources */,
				14C984001C0DE79200B5E515 /* AppDelegate.swift in Sources */,
				14EC47B91C58F6C00028A0CD /* MovieContainer.swift in Sources */,
				143B5C3B1C0EED51000B6A18 /* PhotoCell.swift in Sources */,
				1438033E1C2452A1003CA252 /* NSIndexPath+Contiguous.swift in Sources */,
				14D33A861C6203FA00A8BE11 /* LocalCollectionController.swift in Sources */,
				14B9C0FE1C2020C600FDE58B /* HeaderView.swift in Sources */,
				14B9C1001C2020CB00FDE58B /* FooterView.swift in Sources */,
				14C9840B1C0DE7B300B5E515 /* RemoteCollectionController.swift in Sources */,
				14A4EDBC1C216E3F00411FC6 /* PopupController.swift in Sources */,
				143803401C2452A1003CA252 /* UIImage+CenteredFrame.swift in Sources */,
			);
			runOnlyForDeploymentPostprocessing = 0;
		};
/* End PBXSourcesBuildPhase section */

/* Begin PBXVariantGroup section */
		14C984031C0DE79200B5E515 /* LaunchScreen.storyboard */ = {
			isa = PBXVariantGroup;
			children = (
				14C984041C0DE79200B5E515 /* Base */,
			);
			name = LaunchScreen.storyboard;
			sourceTree = "<group>";
		};
/* End PBXVariantGroup section */

/* Begin XCBuildConfiguration section */
		146D72B41AB782920058798C /* Debug */ = {
			isa = XCBuildConfiguration;
			buildSettings = {
				ALWAYS_SEARCH_USER_PATHS = NO;
				CLANG_CXX_LANGUAGE_STANDARD = "gnu++0x";
				CLANG_CXX_LIBRARY = "libc++";
				CLANG_ENABLE_MODULES = YES;
				CLANG_ENABLE_OBJC_ARC = YES;
				CLANG_WARN_BOOL_CONVERSION = YES;
				CLANG_WARN_CONSTANT_CONVERSION = YES;
				CLANG_WARN_DIRECT_OBJC_ISA_USAGE = YES_ERROR;
				CLANG_WARN_EMPTY_BODY = YES;
				CLANG_WARN_ENUM_CONVERSION = YES;
				CLANG_WARN_INT_CONVERSION = YES;
				CLANG_WARN_OBJC_ROOT_CLASS = YES_ERROR;
				CLANG_WARN_UNREACHABLE_CODE = YES;
				CLANG_WARN__DUPLICATE_METHOD_MATCH = YES;
				"CODE_SIGN_IDENTITY[sdk=iphoneos*]" = "iPhone Developer";
				COPY_PHASE_STRIP = NO;
				ENABLE_STRICT_OBJC_MSGSEND = YES;
				ENABLE_TESTABILITY = YES;
				GCC_C_LANGUAGE_STANDARD = gnu99;
				GCC_DYNAMIC_NO_PIC = NO;
				GCC_OPTIMIZATION_LEVEL = 0;
				GCC_PREPROCESSOR_DEFINITIONS = (
					"DEBUG=1",
					"$(inherited)",
				);
				GCC_SYMBOLS_PRIVATE_EXTERN = NO;
				GCC_WARN_64_TO_32_BIT_CONVERSION = YES;
				GCC_WARN_ABOUT_RETURN_TYPE = YES_ERROR;
				GCC_WARN_UNDECLARED_SELECTOR = YES;
				GCC_WARN_UNINITIALIZED_AUTOS = YES_AGGRESSIVE;
				GCC_WARN_UNUSED_FUNCTION = YES;
				GCC_WARN_UNUSED_VARIABLE = YES;
				IPHONEOS_DEPLOYMENT_TARGET = 9.0;
				MTL_ENABLE_DEBUG_INFO = YES;
				ONLY_ACTIVE_ARCH = YES;
				SDKROOT = iphoneos;
			};
			name = Debug;
		};
		146D72B51AB782920058798C /* Release */ = {
			isa = XCBuildConfiguration;
			buildSettings = {
				ALWAYS_SEARCH_USER_PATHS = NO;
				CLANG_CXX_LANGUAGE_STANDARD = "gnu++0x";
				CLANG_CXX_LIBRARY = "libc++";
				CLANG_ENABLE_MODULES = YES;
				CLANG_ENABLE_OBJC_ARC = YES;
				CLANG_WARN_BOOL_CONVERSION = YES;
				CLANG_WARN_CONSTANT_CONVERSION = YES;
				CLANG_WARN_DIRECT_OBJC_ISA_USAGE = YES_ERROR;
				CLANG_WARN_EMPTY_BODY = YES;
				CLANG_WARN_ENUM_CONVERSION = YES;
				CLANG_WARN_INT_CONVERSION = YES;
				CLANG_WARN_OBJC_ROOT_CLASS = YES_ERROR;
				CLANG_WARN_UNREACHABLE_CODE = YES;
				CLANG_WARN__DUPLICATE_METHOD_MATCH = YES;
				"CODE_SIGN_IDENTITY[sdk=iphoneos*]" = "iPhone Developer";
				COPY_PHASE_STRIP = NO;
				ENABLE_NS_ASSERTIONS = NO;
				ENABLE_STRICT_OBJC_MSGSEND = YES;
				GCC_C_LANGUAGE_STANDARD = gnu99;
				GCC_WARN_64_TO_32_BIT_CONVERSION = YES;
				GCC_WARN_ABOUT_RETURN_TYPE = YES_ERROR;
				GCC_WARN_UNDECLARED_SELECTOR = YES;
				GCC_WARN_UNINITIALIZED_AUTOS = YES_AGGRESSIVE;
				GCC_WARN_UNUSED_FUNCTION = YES;
				GCC_WARN_UNUSED_VARIABLE = YES;
				IPHONEOS_DEPLOYMENT_TARGET = 9.0;
				MTL_ENABLE_DEBUG_INFO = NO;
				SDKROOT = iphoneos;
				VALIDATE_PRODUCT = YES;
			};
			name = Release;
		};
		146D72BA1AB782920058798C /* Debug */ = {
			isa = XCBuildConfiguration;
			buildSettings = {
				CLANG_ENABLE_MODULES = YES;
				FRAMEWORK_SEARCH_PATHS = "";
				GCC_PREPROCESSOR_DEFINITIONS = (
					"DEBUG=1",
					"$(inherited)",
				);
				INFOPLIST_FILE = Tests/Info.plist;
				LD_RUNPATH_SEARCH_PATHS = "$(inherited) @executable_path/Frameworks @loader_path/Frameworks";
				PRODUCT_BUNDLE_IDENTIFIER = "com.sample.$(PRODUCT_NAME:rfc1034identifier)";
				PRODUCT_NAME = "$(TARGET_NAME)";
				SWIFT_OPTIMIZATION_LEVEL = "-Onone";
			};
			name = Debug;
		};
		146D72BB1AB782920058798C /* Release */ = {
			isa = XCBuildConfiguration;
			buildSettings = {
				CLANG_ENABLE_MODULES = YES;
				FRAMEWORK_SEARCH_PATHS = "";
				INFOPLIST_FILE = Tests/Info.plist;
				LD_RUNPATH_SEARCH_PATHS = "$(inherited) @executable_path/Frameworks @loader_path/Frameworks";
				PRODUCT_BUNDLE_IDENTIFIER = "com.sample.$(PRODUCT_NAME:rfc1034identifier)";
				PRODUCT_NAME = "$(TARGET_NAME)";
			};
			name = Release;
		};
		14C984071C0DE79200B5E515 /* Debug */ = {
			isa = XCBuildConfiguration;
			buildSettings = {
				ASSETCATALOG_COMPILER_APPICON_NAME = AppIcon;
				DEBUG_INFORMATION_FORMAT = dwarf;
				GCC_NO_COMMON_BLOCKS = YES;
				INFOPLIST_FILE = iOS/Info.plist;
				IPHONEOS_DEPLOYMENT_TARGET = 9.0;
				LD_RUNPATH_SEARCH_PATHS = "$(inherited) @executable_path/Frameworks";
				PRODUCT_BUNDLE_IDENTIFIER = com.demoapp.ios;
				PRODUCT_NAME = "$(TARGET_NAME)";
				SWIFT_OPTIMIZATION_LEVEL = "-Onone";
				TARGETED_DEVICE_FAMILY = "1,2";
			};
			name = Debug;
		};
		14C984081C0DE79200B5E515 /* Release */ = {
			isa = XCBuildConfiguration;
			buildSettings = {
				ASSETCATALOG_COMPILER_APPICON_NAME = AppIcon;
				DEBUG_INFORMATION_FORMAT = "dwarf-with-dsym";
				GCC_NO_COMMON_BLOCKS = YES;
				INFOPLIST_FILE = iOS/Info.plist;
				IPHONEOS_DEPLOYMENT_TARGET = 9.0;
				LD_RUNPATH_SEARCH_PATHS = "$(inherited) @executable_path/Frameworks";
				PRODUCT_BUNDLE_IDENTIFIER = com.demoapp.ios;
				PRODUCT_NAME = "$(TARGET_NAME)";
				TARGETED_DEVICE_FAMILY = "1,2";
			};
			name = Release;
		};
/* End XCBuildConfiguration section */

/* Begin XCConfigurationList section */
		146D728E1AB782920058798C /* Build configuration list for PBXProject "Demo" */ = {
			isa = XCConfigurationList;
			buildConfigurations = (
				146D72B41AB782920058798C /* Debug */,
				146D72B51AB782920058798C /* Release */,
			);
			defaultConfigurationIsVisible = 0;
			defaultConfigurationName = Release;
		};
		146D72B91AB782920058798C /* Build configuration list for PBXNativeTarget "Tests" */ = {
			isa = XCConfigurationList;
			buildConfigurations = (
				146D72BA1AB782920058798C /* Debug */,
				146D72BB1AB782920058798C /* Release */,
			);
			defaultConfigurationIsVisible = 0;
			defaultConfigurationName = Release;
		};
		14C984091C0DE79200B5E515 /* Build configuration list for PBXNativeTarget "iOS" */ = {
			isa = XCConfigurationList;
			buildConfigurations = (
				14C984071C0DE79200B5E515 /* Debug */,
				14C984081C0DE79200B5E515 /* Release */,
			);
			defaultConfigurationIsVisible = 0;
			defaultConfigurationName = Release;
		};
/* End XCConfigurationList section */
	};
	rootObject = 146D728B1AB782920058798C /* Project object */;
}
